// !$*UTF8*$!
{
	archiveVersion = 1;
	classes = {
	};
	objectVersion = 46;
	objects = {

/* Begin PBXBuildFile section */
		702BBACA1B5547FE00C09B9B /* SignUpViewController.m in Sources */ = {isa = PBXBuildFile; fileRef = 702BBAC91B5547FE00C09B9B /* SignUpViewController.m */; };
		7076B5D11B6F2450004E81EF /* scheduleDetailViewController.m in Sources */ = {isa = PBXBuildFile; fileRef = 7076B5CC1B6F2450004E81EF /* scheduleDetailViewController.m */; };
		7076B5D21B6F2450004E81EF /* scheduleTableViewCell.m in Sources */ = {isa = PBXBuildFile; fileRef = 7076B5CE1B6F2450004E81EF /* scheduleTableViewCell.m */; };
		7076B5D31B6F2450004E81EF /* scheduleTableViewController.m in Sources */ = {isa = PBXBuildFile; fileRef = 7076B5D01B6F2450004E81EF /* scheduleTableViewController.m */; };
		7076B5D61B6F247D004E81EF /* edit.png in Resources */ = {isa = PBXBuildFile; fileRef = 7076B5D41B6F247D004E81EF /* edit.png */; };
		7076B5D71B6F247D004E81EF /* edit1x.png in Resources */ = {isa = PBXBuildFile; fileRef = 7076B5D51B6F247D004E81EF /* edit1x.png */; };
		70D60FC21B5569BA001BB4C9 /* TrendViewController.m in Sources */ = {isa = PBXBuildFile; fileRef = 70D60FC11B5569BA001BB4C9 /* TrendViewController.m */; };
		70D60FC41B55739C001BB4C9 /* QuartzCore.framework in Frameworks */ = {isa = PBXBuildFile; fileRef = 70D60FC31B55739C001BB4C9 /* QuartzCore.framework */; };
		70E3C0A51B6B94E500A5C14E /* mapViewController.m in Sources */ = {isa = PBXBuildFile; fileRef = 70E3C0A41B6B94E500A5C14E /* mapViewController.m */; };
		70E3C0AC1B6B954800A5C14E /* popFrame.png in Resources */ = {isa = PBXBuildFile; fileRef = 70E3C0A61B6B954800A5C14E /* popFrame.png */; };
		70E3C0AD1B6B954800A5C14E /* map-pin-746123_640.png in Resources */ = {isa = PBXBuildFile; fileRef = 70E3C0A71B6B954800A5C14E /* map-pin-746123_640.png */; };
		70E3C0AE1B6B954800A5C14E /* time.png in Resources */ = {isa = PBXBuildFile; fileRef = 70E3C0A81B6B954800A5C14E /* time.png */; };
		70E3C0AF1B6B954800A5C14E /* location.png in Resources */ = {isa = PBXBuildFile; fileRef = 70E3C0A91B6B954800A5C14E /* location.png */; };
		70E3C0B01B6B954800A5C14E /* pen.png in Resources */ = {isa = PBXBuildFile; fileRef = 70E3C0AA1B6B954800A5C14E /* pen.png */; };
		70E3C0B11B6B954800A5C14E /* camera.png in Resources */ = {isa = PBXBuildFile; fileRef = 70E3C0AB1B6B954800A5C14E /* camera.png */; };
		70E3C0B41B6B959D00A5C14E /* MapKit.framework in Frameworks */ = {isa = PBXBuildFile; fileRef = 70E3C0B31B6B959D00A5C14E /* MapKit.framework */; };
		70E3C0B61B6B969000A5C14E /* AssetsLibrary.framework in Frameworks */ = {isa = PBXBuildFile; fileRef = 70E3C0B51B6B969000A5C14E /* AssetsLibrary.framework */; };
		70E3C0BB1B6B9A3300A5C14E /* PopView.xib in Resources */ = {isa = PBXBuildFile; fileRef = 70E3C0B71B6B9A3300A5C14E /* PopView.xib */; };
		70E3C0BC1B6B9A3300A5C14E /* PopView2.xib in Resources */ = {isa = PBXBuildFile; fileRef = 70E3C0B81B6B9A3300A5C14E /* PopView2.xib */; };
		70E3C0BD1B6B9A3300A5C14E /* PopView3.xib in Resources */ = {isa = PBXBuildFile; fileRef = 70E3C0B91B6B9A3300A5C14E /* PopView3.xib */; };
		70E3C0BE1B6B9A3300A5C14E /* PopView4.xib in Resources */ = {isa = PBXBuildFile; fileRef = 70E3C0BA1B6B9A3300A5C14E /* PopView4.xib */; };
		70E3C0C71B6B9A6C00A5C14E /* PopView.m in Sources */ = {isa = PBXBuildFile; fileRef = 70E3C0C01B6B9A6C00A5C14E /* PopView.m */; };
		70E3C0C81B6B9A6C00A5C14E /* PopView2.m in Sources */ = {isa = PBXBuildFile; fileRef = 70E3C0C21B6B9A6C00A5C14E /* PopView2.m */; };
		70E3C0C91B6B9A6C00A5C14E /* PopView3.m in Sources */ = {isa = PBXBuildFile; fileRef = 70E3C0C41B6B9A6C00A5C14E /* PopView3.m */; };
		70E3C0CA1B6B9A6C00A5C14E /* PopView4.m in Sources */ = {isa = PBXBuildFile; fileRef = 70E3C0C61B6B9A6C00A5C14E /* PopView4.m */; };
		7666690A1B674D3900280B20 /* PostMainViewController.m in Sources */ = {isa = PBXBuildFile; fileRef = 766669091B674D3900280B20 /* PostMainViewController.m */; };
		768A20261B6EFD3F005A7E66 /* RecordingViewController.m in Sources */ = {isa = PBXBuildFile; fileRef = 768A20251B6EFD3F005A7E66 /* RecordingViewController.m */; };
		768A20291B6F0505005A7E66 /* MapRecordingViewController.m in Sources */ = {isa = PBXBuildFile; fileRef = 768A20281B6F0505005A7E66 /* MapRecordingViewController.m */; };
		768A202C1B6F090E005A7E66 /* EndRecordingViewController.m in Sources */ = {isa = PBXBuildFile; fileRef = 768A202B1B6F090E005A7E66 /* EndRecordingViewController.m */; };
		D34A63451B4CED0700710B1F /* main.m in Sources */ = {isa = PBXBuildFile; fileRef = D34A63441B4CED0700710B1F /* main.m */; };
		D34A63481B4CED0700710B1F /* AppDelegate.m in Sources */ = {isa = PBXBuildFile; fileRef = D34A63471B4CED0700710B1F /* AppDelegate.m */; };
		D34A634B1B4CED0700710B1F /* ViewController.m in Sources */ = {isa = PBXBuildFile; fileRef = D34A634A1B4CED0700710B1F /* ViewController.m */; };
		D34A634E1B4CED0700710B1F /* Main.storyboard in Resources */ = {isa = PBXBuildFile; fileRef = D34A634C1B4CED0700710B1F /* Main.storyboard */; };
		D34A63501B4CED0700710B1F /* Images.xcassets in Resources */ = {isa = PBXBuildFile; fileRef = D34A634F1B4CED0700710B1F /* Images.xcassets */; };
		D34A63531B4CED0700710B1F /* LaunchScreen.xib in Resources */ = {isa = PBXBuildFile; fileRef = D34A63511B4CED0700710B1F /* LaunchScreen.xib */; };
		D34A635F1B4CED0700710B1F /* SportsCircleTests.m in Sources */ = {isa = PBXBuildFile; fileRef = D34A635E1B4CED0700710B1F /* SportsCircleTests.m */; };
		D38158E01B6901D600C68B17 /* AKPickerView.m in Sources */ = {isa = PBXBuildFile; fileRef = D38158DF1B6901D600C68B17 /* AKPickerView.m */; };
		D38B8D3A1B71B84200124706 /* EditProfileTableViewController.m in Sources */ = {isa = PBXBuildFile; fileRef = D38B8D391B71B84200124706 /* EditProfileTableViewController.m */; };
		D3AD4CA61B64DB9200FC7F8E /* AudioToolbox.framework in Frameworks */ = {isa = PBXBuildFile; fileRef = D3AD4CA51B64DB9200FC7F8E /* AudioToolbox.framework */; };
		D3AD4CA81B64DBA100FC7F8E /* CFNetwork.framework in Frameworks */ = {isa = PBXBuildFile; fileRef = D3AD4CA71B64DBA100FC7F8E /* CFNetwork.framework */; };
		D3AD4CAA1B64DBA900FC7F8E /* CoreGraphics.framework in Frameworks */ = {isa = PBXBuildFile; fileRef = D3AD4CA91B64DBA900FC7F8E /* CoreGraphics.framework */; };
		D3AD4CAC1B64DBB200FC7F8E /* CoreLocation.framework in Frameworks */ = {isa = PBXBuildFile; fileRef = D3AD4CAB1B64DBB200FC7F8E /* CoreLocation.framework */; };
		D3AD4CAE1B64DBC300FC7F8E /* Security.framework in Frameworks */ = {isa = PBXBuildFile; fileRef = D3AD4CAD1B64DBC300FC7F8E /* Security.framework */; };
		D3AD4CB01B64DBCB00FC7F8E /* StoreKit.framework in Frameworks */ = {isa = PBXBuildFile; fileRef = D3AD4CAF1B64DBCB00FC7F8E /* StoreKit.framework */; };
		D3AD4CB21B64DBD500FC7F8E /* SystemConfiguration.framework in Frameworks */ = {isa = PBXBuildFile; fileRef = D3AD4CB11B64DBD500FC7F8E /* SystemConfiguration.framework */; };
		D3AD4CB41B64DBDE00FC7F8E /* libz.dylib in Frameworks */ = {isa = PBXBuildFile; fileRef = D3AD4CB31B64DBDE00FC7F8E /* libz.dylib */; };
		D3AD4CB61B64DBE600FC7F8E /* libsqlite3.dylib in Frameworks */ = {isa = PBXBuildFile; fileRef = D3AD4CB51B64DBE600FC7F8E /* libsqlite3.dylib */; };
		D3AD4CBE1B64DC5B00FC7F8E /* Bolts.framework in Frameworks */ = {isa = PBXBuildFile; fileRef = D3AD4CB81B64DC5B00FC7F8E /* Bolts.framework */; };
		D3AD4CBF1B64DC5B00FC7F8E /* Parse.framework in Frameworks */ = {isa = PBXBuildFile; fileRef = D3AD4CB91B64DC5B00FC7F8E /* Parse.framework */; };
		D3AD4CC01B64DC5B00FC7F8E /* ParseCrashReporting.framework in Frameworks */ = {isa = PBXBuildFile; fileRef = D3AD4CBA1B64DC5B00FC7F8E /* ParseCrashReporting.framework */; };
		D3AD4CC11B64DC5B00FC7F8E /* ParseFacebookUtils.framework in Frameworks */ = {isa = PBXBuildFile; fileRef = D3AD4CBB1B64DC5B00FC7F8E /* ParseFacebookUtils.framework */; };
		D3AD4CC21B64DC5B00FC7F8E /* ParseFacebookUtilsV4.framework in Frameworks */ = {isa = PBXBuildFile; fileRef = D3AD4CBC1B64DC5B00FC7F8E /* ParseFacebookUtilsV4.framework */; };
		D3AD4CC31B64DC5B00FC7F8E /* ParseUI.framework in Frameworks */ = {isa = PBXBuildFile; fileRef = D3AD4CBD1B64DC5B00FC7F8E /* ParseUI.framework */; };
		D3AD4CC61B64DD4B00FC7F8E /* LoginViewController.m in Sources */ = {isa = PBXBuildFile; fileRef = D3AD4CC51B64DD4B00FC7F8E /* LoginViewController.m */; };
		D3CFCC801B6F83F5000B98FC /* FBSDKCoreKit.framework in Frameworks */ = {isa = PBXBuildFile; fileRef = D3CFCC7D1B6F83F5000B98FC /* FBSDKCoreKit.framework */; };
		D3CFCC811B6F83F5000B98FC /* FBSDKLoginKit.framework in Frameworks */ = {isa = PBXBuildFile; fileRef = D3CFCC7E1B6F83F5000B98FC /* FBSDKLoginKit.framework */; };
		D3CFCC821B6F83F5000B98FC /* FBSDKShareKit.framework in Frameworks */ = {isa = PBXBuildFile; fileRef = D3CFCC7F1B6F83F5000B98FC /* FBSDKShareKit.framework */; };
		D3CFCC851B6F952D000B98FC /* SettingsViewController.m in Sources */ = {isa = PBXBuildFile; fileRef = D3CFCC841B6F952D000B98FC /* SettingsViewController.m */; };
/* End PBXBuildFile section */

/* Begin PBXContainerItemProxy section */
		D34A63591B4CED0700710B1F /* PBXContainerItemProxy */ = {
			isa = PBXContainerItemProxy;
			containerPortal = D34A63371B4CED0700710B1F /* Project object */;
			proxyType = 1;
			remoteGlobalIDString = D34A633E1B4CED0700710B1F;
			remoteInfo = SportsCircle;
		};
/* End PBXContainerItemProxy section */

/* Begin PBXFileReference section */
		702BBAC81B5547FE00C09B9B /* SignUpViewController.h */ = {isa = PBXFileReference; fileEncoding = 4; lastKnownFileType = sourcecode.c.h; path = SignUpViewController.h; sourceTree = "<group>"; };
		702BBAC91B5547FE00C09B9B /* SignUpViewController.m */ = {isa = PBXFileReference; fileEncoding = 4; lastKnownFileType = sourcecode.c.objc; path = SignUpViewController.m; sourceTree = "<group>"; };
		7076B5CB1B6F2450004E81EF /* scheduleDetailViewController.h */ = {isa = PBXFileReference; fileEncoding = 4; lastKnownFileType = sourcecode.c.h; name = scheduleDetailViewController.h; path = ../../SportsCircle/SportsCircle/scheduleDetailViewController.h; sourceTree = "<group>"; };
		7076B5CC1B6F2450004E81EF /* scheduleDetailViewController.m */ = {isa = PBXFileReference; fileEncoding = 4; lastKnownFileType = sourcecode.c.objc; name = scheduleDetailViewController.m; path = ../../SportsCircle/SportsCircle/scheduleDetailViewController.m; sourceTree = "<group>"; };
		7076B5CD1B6F2450004E81EF /* scheduleTableViewCell.h */ = {isa = PBXFileReference; fileEncoding = 4; lastKnownFileType = sourcecode.c.h; name = scheduleTableViewCell.h; path = ../../SportsCircle/SportsCircle/scheduleTableViewCell.h; sourceTree = "<group>"; };
		7076B5CE1B6F2450004E81EF /* scheduleTableViewCell.m */ = {isa = PBXFileReference; fileEncoding = 4; lastKnownFileType = sourcecode.c.objc; name = scheduleTableViewCell.m; path = ../../SportsCircle/SportsCircle/scheduleTableViewCell.m; sourceTree = "<group>"; };
		7076B5CF1B6F2450004E81EF /* scheduleTableViewController.h */ = {isa = PBXFileReference; fileEncoding = 4; lastKnownFileType = sourcecode.c.h; name = scheduleTableViewController.h; path = ../../SportsCircle/SportsCircle/scheduleTableViewController.h; sourceTree = "<group>"; };
		7076B5D01B6F2450004E81EF /* scheduleTableViewController.m */ = {isa = PBXFileReference; fileEncoding = 4; lastKnownFileType = sourcecode.c.objc; name = scheduleTableViewController.m; path = ../../SportsCircle/SportsCircle/scheduleTableViewController.m; sourceTree = "<group>"; };
		7076B5D41B6F247D004E81EF /* edit.png */ = {isa = PBXFileReference; lastKnownFileType = image.png; name = edit.png; path = ../../SportsCircle/SportsCircle/edit.png; sourceTree = "<group>"; };
		7076B5D51B6F247D004E81EF /* edit1x.png */ = {isa = PBXFileReference; lastKnownFileType = image.png; name = edit1x.png; path = ../../SportsCircle/SportsCircle/edit1x.png; sourceTree = "<group>"; };
		70D60FC01B5569BA001BB4C9 /* TrendViewController.h */ = {isa = PBXFileReference; fileEncoding = 4; lastKnownFileType = sourcecode.c.h; path = TrendViewController.h; sourceTree = "<group>"; };
		70D60FC11B5569BA001BB4C9 /* TrendViewController.m */ = {isa = PBXFileReference; fileEncoding = 4; lastKnownFileType = sourcecode.c.objc; path = TrendViewController.m; sourceTree = "<group>"; };
		70D60FC31B55739C001BB4C9 /* QuartzCore.framework */ = {isa = PBXFileReference; lastKnownFileType = wrapper.framework; name = QuartzCore.framework; path = System/Library/Frameworks/QuartzCore.framework; sourceTree = SDKROOT; };
		70E3C0A31B6B94E500A5C14E /* mapViewController.h */ = {isa = PBXFileReference; fileEncoding = 4; lastKnownFileType = sourcecode.c.h; path = mapViewController.h; sourceTree = "<group>"; };
		70E3C0A41B6B94E500A5C14E /* mapViewController.m */ = {isa = PBXFileReference; fileEncoding = 4; lastKnownFileType = sourcecode.c.objc; path = mapViewController.m; sourceTree = "<group>"; };
		70E3C0A61B6B954800A5C14E /* popFrame.png */ = {isa = PBXFileReference; lastKnownFileType = image.png; path = popFrame.png; sourceTree = "<group>"; };
		70E3C0A71B6B954800A5C14E /* map-pin-746123_640.png */ = {isa = PBXFileReference; lastKnownFileType = image.png; path = "map-pin-746123_640.png"; sourceTree = "<group>"; };
		70E3C0A81B6B954800A5C14E /* time.png */ = {isa = PBXFileReference; lastKnownFileType = image.png; path = time.png; sourceTree = "<group>"; };
		70E3C0A91B6B954800A5C14E /* location.png */ = {isa = PBXFileReference; lastKnownFileType = image.png; path = location.png; sourceTree = "<group>"; };
		70E3C0AA1B6B954800A5C14E /* pen.png */ = {isa = PBXFileReference; lastKnownFileType = image.png; path = pen.png; sourceTree = "<group>"; };
		70E3C0AB1B6B954800A5C14E /* camera.png */ = {isa = PBXFileReference; lastKnownFileType = image.png; path = camera.png; sourceTree = "<group>"; };
		70E3C0B31B6B959D00A5C14E /* MapKit.framework */ = {isa = PBXFileReference; lastKnownFileType = wrapper.framework; name = MapKit.framework; path = System/Library/Frameworks/MapKit.framework; sourceTree = SDKROOT; };
		70E3C0B51B6B969000A5C14E /* AssetsLibrary.framework */ = {isa = PBXFileReference; lastKnownFileType = wrapper.framework; name = AssetsLibrary.framework; path = System/Library/Frameworks/AssetsLibrary.framework; sourceTree = SDKROOT; };
		70E3C0B71B6B9A3300A5C14E /* PopView.xib */ = {isa = PBXFileReference; fileEncoding = 4; lastKnownFileType = file.xib; path = PopView.xib; sourceTree = "<group>"; };
		70E3C0B81B6B9A3300A5C14E /* PopView2.xib */ = {isa = PBXFileReference; fileEncoding = 4; lastKnownFileType = file.xib; path = PopView2.xib; sourceTree = "<group>"; };
		70E3C0B91B6B9A3300A5C14E /* PopView3.xib */ = {isa = PBXFileReference; fileEncoding = 4; lastKnownFileType = file.xib; path = PopView3.xib; sourceTree = "<group>"; };
		70E3C0BA1B6B9A3300A5C14E /* PopView4.xib */ = {isa = PBXFileReference; fileEncoding = 4; lastKnownFileType = file.xib; path = PopView4.xib; sourceTree = "<group>"; };
		70E3C0BF1B6B9A6C00A5C14E /* PopView.h */ = {isa = PBXFileReference; fileEncoding = 4; lastKnownFileType = sourcecode.c.h; path = PopView.h; sourceTree = "<group>"; };
		70E3C0C01B6B9A6C00A5C14E /* PopView.m */ = {isa = PBXFileReference; fileEncoding = 4; lastKnownFileType = sourcecode.c.objc; path = PopView.m; sourceTree = "<group>"; };
		70E3C0C11B6B9A6C00A5C14E /* PopView2.h */ = {isa = PBXFileReference; fileEncoding = 4; lastKnownFileType = sourcecode.c.h; path = PopView2.h; sourceTree = "<group>"; };
		70E3C0C21B6B9A6C00A5C14E /* PopView2.m */ = {isa = PBXFileReference; fileEncoding = 4; lastKnownFileType = sourcecode.c.objc; path = PopView2.m; sourceTree = "<group>"; };
		70E3C0C31B6B9A6C00A5C14E /* PopView3.h */ = {isa = PBXFileReference; fileEncoding = 4; lastKnownFileType = sourcecode.c.h; path = PopView3.h; sourceTree = "<group>"; };
		70E3C0C41B6B9A6C00A5C14E /* PopView3.m */ = {isa = PBXFileReference; fileEncoding = 4; lastKnownFileType = sourcecode.c.objc; path = PopView3.m; sourceTree = "<group>"; };
		70E3C0C51B6B9A6C00A5C14E /* PopView4.h */ = {isa = PBXFileReference; fileEncoding = 4; lastKnownFileType = sourcecode.c.h; path = PopView4.h; sourceTree = "<group>"; };
		70E3C0C61B6B9A6C00A5C14E /* PopView4.m */ = {isa = PBXFileReference; fileEncoding = 4; lastKnownFileType = sourcecode.c.objc; path = PopView4.m; sourceTree = "<group>"; };
		766669081B674D3900280B20 /* PostMainViewController.h */ = {isa = PBXFileReference; fileEncoding = 4; lastKnownFileType = sourcecode.c.h; path = PostMainViewController.h; sourceTree = "<group>"; };
		766669091B674D3900280B20 /* PostMainViewController.m */ = {isa = PBXFileReference; fileEncoding = 4; lastKnownFileType = sourcecode.c.objc; path = PostMainViewController.m; sourceTree = "<group>"; };
		768A20241B6EFD3F005A7E66 /* RecordingViewController.h */ = {isa = PBXFileReference; fileEncoding = 4; lastKnownFileType = sourcecode.c.h; path = RecordingViewController.h; sourceTree = "<group>"; };
		768A20251B6EFD3F005A7E66 /* RecordingViewController.m */ = {isa = PBXFileReference; fileEncoding = 4; lastKnownFileType = sourcecode.c.objc; path = RecordingViewController.m; sourceTree = "<group>"; };
		768A20271B6F0505005A7E66 /* MapRecordingViewController.h */ = {isa = PBXFileReference; fileEncoding = 4; lastKnownFileType = sourcecode.c.h; path = MapRecordingViewController.h; sourceTree = "<group>"; };
		768A20281B6F0505005A7E66 /* MapRecordingViewController.m */ = {isa = PBXFileReference; fileEncoding = 4; lastKnownFileType = sourcecode.c.objc; path = MapRecordingViewController.m; sourceTree = "<group>"; };
		768A202A1B6F090E005A7E66 /* EndRecordingViewController.h */ = {isa = PBXFileReference; fileEncoding = 4; lastKnownFileType = sourcecode.c.h; path = EndRecordingViewController.h; sourceTree = "<group>"; };
		768A202B1B6F090E005A7E66 /* EndRecordingViewController.m */ = {isa = PBXFileReference; fileEncoding = 4; lastKnownFileType = sourcecode.c.objc; path = EndRecordingViewController.m; sourceTree = "<group>"; };
		D34A633F1B4CED0700710B1F /* SportsCircle.app */ = {isa = PBXFileReference; explicitFileType = wrapper.application; includeInIndex = 0; path = SportsCircle.app; sourceTree = BUILT_PRODUCTS_DIR; };
		D34A63431B4CED0700710B1F /* Info.plist */ = {isa = PBXFileReference; lastKnownFileType = text.plist.xml; path = Info.plist; sourceTree = "<group>"; };
		D34A63441B4CED0700710B1F /* main.m */ = {isa = PBXFileReference; lastKnownFileType = sourcecode.c.objc; path = main.m; sourceTree = "<group>"; };
		D34A63461B4CED0700710B1F /* AppDelegate.h */ = {isa = PBXFileReference; lastKnownFileType = sourcecode.c.h; path = AppDelegate.h; sourceTree = "<group>"; };
		D34A63471B4CED0700710B1F /* AppDelegate.m */ = {isa = PBXFileReference; lastKnownFileType = sourcecode.c.objc; path = AppDelegate.m; sourceTree = "<group>"; };
		D34A63491B4CED0700710B1F /* ViewController.h */ = {isa = PBXFileReference; lastKnownFileType = sourcecode.c.h; path = ViewController.h; sourceTree = "<group>"; };
		D34A634A1B4CED0700710B1F /* ViewController.m */ = {isa = PBXFileReference; lastKnownFileType = sourcecode.c.objc; path = ViewController.m; sourceTree = "<group>"; };
		D34A634D1B4CED0700710B1F /* Base */ = {isa = PBXFileReference; lastKnownFileType = file.storyboard; name = Base; path = Base.lproj/Main.storyboard; sourceTree = "<group>"; };
		D34A634F1B4CED0700710B1F /* Images.xcassets */ = {isa = PBXFileReference; lastKnownFileType = folder.assetcatalog; path = Images.xcassets; sourceTree = "<group>"; };
		D34A63521B4CED0700710B1F /* Base */ = {isa = PBXFileReference; lastKnownFileType = file.xib; name = Base; path = Base.lproj/LaunchScreen.xib; sourceTree = "<group>"; };
		D34A63581B4CED0700710B1F /* SportsCircleTests.xctest */ = {isa = PBXFileReference; explicitFileType = wrapper.cfbundle; includeInIndex = 0; path = SportsCircleTests.xctest; sourceTree = BUILT_PRODUCTS_DIR; };
		D34A635D1B4CED0700710B1F /* Info.plist */ = {isa = PBXFileReference; lastKnownFileType = text.plist.xml; path = Info.plist; sourceTree = "<group>"; };
		D34A635E1B4CED0700710B1F /* SportsCircleTests.m */ = {isa = PBXFileReference; lastKnownFileType = sourcecode.c.objc; path = SportsCircleTests.m; sourceTree = "<group>"; };
		D38158DE1B6901D600C68B17 /* AKPickerView.h */ = {isa = PBXFileReference; fileEncoding = 4; lastKnownFileType = sourcecode.c.h; path = AKPickerView.h; sourceTree = "<group>"; };
		D38158DF1B6901D600C68B17 /* AKPickerView.m */ = {isa = PBXFileReference; fileEncoding = 4; lastKnownFileType = sourcecode.c.objc; path = AKPickerView.m; sourceTree = "<group>"; };
		D38B8D381B71B84200124706 /* EditProfileTableViewController.h */ = {isa = PBXFileReference; fileEncoding = 4; lastKnownFileType = sourcecode.c.h; path = EditProfileTableViewController.h; sourceTree = "<group>"; };
		D38B8D391B71B84200124706 /* EditProfileTableViewController.m */ = {isa = PBXFileReference; fileEncoding = 4; lastKnownFileType = sourcecode.c.objc; path = EditProfileTableViewController.m; sourceTree = "<group>"; };
		D3AD4CA51B64DB9200FC7F8E /* AudioToolbox.framework */ = {isa = PBXFileReference; lastKnownFileType = wrapper.framework; name = AudioToolbox.framework; path = System/Library/Frameworks/AudioToolbox.framework; sourceTree = SDKROOT; };
		D3AD4CA71B64DBA100FC7F8E /* CFNetwork.framework */ = {isa = PBXFileReference; lastKnownFileType = wrapper.framework; name = CFNetwork.framework; path = System/Library/Frameworks/CFNetwork.framework; sourceTree = SDKROOT; };
		D3AD4CA91B64DBA900FC7F8E /* CoreGraphics.framework */ = {isa = PBXFileReference; lastKnownFileType = wrapper.framework; name = CoreGraphics.framework; path = System/Library/Frameworks/CoreGraphics.framework; sourceTree = SDKROOT; };
		D3AD4CAB1B64DBB200FC7F8E /* CoreLocation.framework */ = {isa = PBXFileReference; lastKnownFileType = wrapper.framework; name = CoreLocation.framework; path = System/Library/Frameworks/CoreLocation.framework; sourceTree = SDKROOT; };
		D3AD4CAD1B64DBC300FC7F8E /* Security.framework */ = {isa = PBXFileReference; lastKnownFileType = wrapper.framework; name = Security.framework; path = System/Library/Frameworks/Security.framework; sourceTree = SDKROOT; };
		D3AD4CAF1B64DBCB00FC7F8E /* StoreKit.framework */ = {isa = PBXFileReference; lastKnownFileType = wrapper.framework; name = StoreKit.framework; path = System/Library/Frameworks/StoreKit.framework; sourceTree = SDKROOT; };
		D3AD4CB11B64DBD500FC7F8E /* SystemConfiguration.framework */ = {isa = PBXFileReference; lastKnownFileType = wrapper.framework; name = SystemConfiguration.framework; path = System/Library/Frameworks/SystemConfiguration.framework; sourceTree = SDKROOT; };
		D3AD4CB31B64DBDE00FC7F8E /* libz.dylib */ = {isa = PBXFileReference; lastKnownFileType = "compiled.mach-o.dylib"; name = libz.dylib; path = usr/lib/libz.dylib; sourceTree = SDKROOT; };
		D3AD4CB51B64DBE600FC7F8E /* libsqlite3.dylib */ = {isa = PBXFileReference; lastKnownFileType = "compiled.mach-o.dylib"; name = libsqlite3.dylib; path = usr/lib/libsqlite3.dylib; sourceTree = SDKROOT; };
		D3AD4CB81B64DC5B00FC7F8E /* Bolts.framework */ = {isa = PBXFileReference; lastKnownFileType = wrapper.framework; path = Bolts.framework; sourceTree = "<group>"; };
		D3AD4CB91B64DC5B00FC7F8E /* Parse.framework */ = {isa = PBXFileReference; lastKnownFileType = wrapper.framework; path = Parse.framework; sourceTree = "<group>"; };
		D3AD4CBA1B64DC5B00FC7F8E /* ParseCrashReporting.framework */ = {isa = PBXFileReference; lastKnownFileType = wrapper.framework; path = ParseCrashReporting.framework; sourceTree = "<group>"; };
		D3AD4CBB1B64DC5B00FC7F8E /* ParseFacebookUtils.framework */ = {isa = PBXFileReference; lastKnownFileType = wrapper.framework; path = ParseFacebookUtils.framework; sourceTree = "<group>"; };
		D3AD4CBC1B64DC5B00FC7F8E /* ParseFacebookUtilsV4.framework */ = {isa = PBXFileReference; lastKnownFileType = wrapper.framework; path = ParseFacebookUtilsV4.framework; sourceTree = "<group>"; };
		D3AD4CBD1B64DC5B00FC7F8E /* ParseUI.framework */ = {isa = PBXFileReference; lastKnownFileType = wrapper.framework; path = ParseUI.framework; sourceTree = "<group>"; };
		D3AD4CC41B64DD4B00FC7F8E /* LoginViewController.h */ = {isa = PBXFileReference; fileEncoding = 4; lastKnownFileType = sourcecode.c.h; path = LoginViewController.h; sourceTree = "<group>"; };
		D3AD4CC51B64DD4B00FC7F8E /* LoginViewController.m */ = {isa = PBXFileReference; fileEncoding = 4; lastKnownFileType = sourcecode.c.objc; path = LoginViewController.m; sourceTree = "<group>"; };
		D3CFCC7D1B6F83F5000B98FC /* FBSDKCoreKit.framework */ = {isa = PBXFileReference; lastKnownFileType = wrapper.framework; path = FBSDKCoreKit.framework; sourceTree = "<group>"; };
		D3CFCC7E1B6F83F5000B98FC /* FBSDKLoginKit.framework */ = {isa = PBXFileReference; lastKnownFileType = wrapper.framework; path = FBSDKLoginKit.framework; sourceTree = "<group>"; };
		D3CFCC7F1B6F83F5000B98FC /* FBSDKShareKit.framework */ = {isa = PBXFileReference; lastKnownFileType = wrapper.framework; path = FBSDKShareKit.framework; sourceTree = "<group>"; };
		D3CFCC831B6F952D000B98FC /* SettingsViewController.h */ = {isa = PBXFileReference; fileEncoding = 4; lastKnownFileType = sourcecode.c.h; path = SettingsViewController.h; sourceTree = "<group>"; };
		D3CFCC841B6F952D000B98FC /* SettingsViewController.m */ = {isa = PBXFileReference; fileEncoding = 4; lastKnownFileType = sourcecode.c.objc; path = SettingsViewController.m; sourceTree = "<group>"; };
/* End PBXFileReference section */

/* Begin PBXFrameworksBuildPhase section */
		D34A633C1B4CED0700710B1F /* Frameworks */ = {
			isa = PBXFrameworksBuildPhase;
			buildActionMask = 2147483647;
			files = (
				70E3C0B61B6B969000A5C14E /* AssetsLibrary.framework in Frameworks */,
				70E3C0B41B6B959D00A5C14E /* MapKit.framework in Frameworks */,
				D3CFCC811B6F83F5000B98FC /* FBSDKLoginKit.framework in Frameworks */,
				D3AD4CC11B64DC5B00FC7F8E /* ParseFacebookUtils.framework in Frameworks */,
				D3AD4CB61B64DBE600FC7F8E /* libsqlite3.dylib in Frameworks */,
				D3AD4CB41B64DBDE00FC7F8E /* libz.dylib in Frameworks */,
				D3AD4CB21B64DBD500FC7F8E /* SystemConfiguration.framework in Frameworks */,
				D3AD4CB01B64DBCB00FC7F8E /* StoreKit.framework in Frameworks */,
				D3AD4CAE1B64DBC300FC7F8E /* Security.framework in Frameworks */,
				D3CFCC801B6F83F5000B98FC /* FBSDKCoreKit.framework in Frameworks */,
				D3AD4CC31B64DC5B00FC7F8E /* ParseUI.framework in Frameworks */,
				70D60FC41B55739C001BB4C9 /* QuartzCore.framework in Frameworks */,
				D3AD4CAC1B64DBB200FC7F8E /* CoreLocation.framework in Frameworks */,
				D3AD4CAA1B64DBA900FC7F8E /* CoreGraphics.framework in Frameworks */,
				D3AD4CBE1B64DC5B00FC7F8E /* Bolts.framework in Frameworks */,
				D3AD4CA81B64DBA100FC7F8E /* CFNetwork.framework in Frameworks */,
				D3AD4CBF1B64DC5B00FC7F8E /* Parse.framework in Frameworks */,
				D3CFCC821B6F83F5000B98FC /* FBSDKShareKit.framework in Frameworks */,
				D3AD4CA61B64DB9200FC7F8E /* AudioToolbox.framework in Frameworks */,
				D3AD4CC01B64DC5B00FC7F8E /* ParseCrashReporting.framework in Frameworks */,
				D3AD4CC21B64DC5B00FC7F8E /* ParseFacebookUtilsV4.framework in Frameworks */,
			);
			runOnlyForDeploymentPostprocessing = 0;
		};
		D34A63551B4CED0700710B1F /* Frameworks */ = {
			isa = PBXFrameworksBuildPhase;
			buildActionMask = 2147483647;
			files = (
			);
			runOnlyForDeploymentPostprocessing = 0;
		};
/* End PBXFrameworksBuildPhase section */

/* Begin PBXGroup section */
		70E3C0B21B6B954C00A5C14E /* pic */ = {
			isa = PBXGroup;
			children = (
				7076B5D41B6F247D004E81EF /* edit.png */,
				7076B5D51B6F247D004E81EF /* edit1x.png */,
				70E3C0A61B6B954800A5C14E /* popFrame.png */,
				70E3C0A71B6B954800A5C14E /* map-pin-746123_640.png */,
				70E3C0A81B6B954800A5C14E /* time.png */,
				70E3C0A91B6B954800A5C14E /* location.png */,
				70E3C0AA1B6B954800A5C14E /* pen.png */,
				70E3C0AB1B6B954800A5C14E /* camera.png */,
			);
			name = pic;
			sourceTree = "<group>";
		};
		70E3C0CB1B6B9A7300A5C14E /* PopView */ = {
			isa = PBXGroup;
			children = (
				70E3C0BF1B6B9A6C00A5C14E /* PopView.h */,
				70E3C0C01B6B9A6C00A5C14E /* PopView.m */,
				70E3C0C11B6B9A6C00A5C14E /* PopView2.h */,
				70E3C0C21B6B9A6C00A5C14E /* PopView2.m */,
				70E3C0C31B6B9A6C00A5C14E /* PopView3.h */,
				70E3C0C41B6B9A6C00A5C14E /* PopView3.m */,
				70E3C0C51B6B9A6C00A5C14E /* PopView4.h */,
				70E3C0C61B6B9A6C00A5C14E /* PopView4.m */,
			);
			name = PopView;
			sourceTree = "<group>";
		};
		70E3C0D21B6BB15500A5C14E /* schedule */ = {
			isa = PBXGroup;
			children = (
				7076B5CB1B6F2450004E81EF /* scheduleDetailViewController.h */,
				7076B5CC1B6F2450004E81EF /* scheduleDetailViewController.m */,
				7076B5CD1B6F2450004E81EF /* scheduleTableViewCell.h */,
				7076B5CE1B6F2450004E81EF /* scheduleTableViewCell.m */,
				7076B5CF1B6F2450004E81EF /* scheduleTableViewController.h */,
				7076B5D01B6F2450004E81EF /* scheduleTableViewController.m */,
			);
			name = schedule;
			sourceTree = "<group>";
		};
		D34A63361B4CED0700710B1F = {
			isa = PBXGroup;
			children = (
				D3AD4CB71B64DC1F00FC7F8E /* framework */,
				D34A63411B4CED0700710B1F /* SportsCircle */,
				D34A635B1B4CED0700710B1F /* SportsCircleTests */,
				D34A63401B4CED0700710B1F /* Products */,
			);
			sourceTree = "<group>";
		};
		D34A63401B4CED0700710B1F /* Products */ = {
			isa = PBXGroup;
			children = (
				D34A633F1B4CED0700710B1F /* SportsCircle.app */,
				D34A63581B4CED0700710B1F /* SportsCircleTests.xctest */,
			);
			name = Products;
			sourceTree = "<group>";
		};
		D34A63411B4CED0700710B1F /* SportsCircle */ = {
			isa = PBXGroup;
			children = (
				70E3C0B21B6B954C00A5C14E /* pic */,
				D34A63461B4CED0700710B1F /* AppDelegate.h */,
				D34A63471B4CED0700710B1F /* AppDelegate.m */,
				D34A63491B4CED0700710B1F /* ViewController.h */,
				D34A634A1B4CED0700710B1F /* ViewController.m */,
				D3AD4CC41B64DD4B00FC7F8E /* LoginViewController.h */,
				D3AD4CC51B64DD4B00FC7F8E /* LoginViewController.m */,
				702BBAC81B5547FE00C09B9B /* SignUpViewController.h */,
				702BBAC91B5547FE00C09B9B /* SignUpViewController.m */,
				70D60FC01B5569BA001BB4C9 /* TrendViewController.h */,
				70D60FC11B5569BA001BB4C9 /* TrendViewController.m */,
				70E3C0A31B6B94E500A5C14E /* mapViewController.h */,
				70E3C0A41B6B94E500A5C14E /* mapViewController.m */,
				766669081B674D3900280B20 /* PostMainViewController.h */,
				766669091B674D3900280B20 /* PostMainViewController.m */,
				768A20241B6EFD3F005A7E66 /* RecordingViewController.h */,
				768A20251B6EFD3F005A7E66 /* RecordingViewController.m */,
				768A20271B6F0505005A7E66 /* MapRecordingViewController.h */,
				768A20281B6F0505005A7E66 /* MapRecordingViewController.m */,
				768A202A1B6F090E005A7E66 /* EndRecordingViewController.h */,
				768A202B1B6F090E005A7E66 /* EndRecordingViewController.m */,
				D3CFCC831B6F952D000B98FC /* SettingsViewController.h */,
				D3CFCC841B6F952D000B98FC /* SettingsViewController.m */,
				D38B8D381B71B84200124706 /* EditProfileTableViewController.h */,
				D38B8D391B71B84200124706 /* EditProfileTableViewController.m */,
				70E3C0CB1B6B9A7300A5C14E /* PopView */,
				70E3C0D21B6BB15500A5C14E /* schedule */,
				D34A634C1B4CED0700710B1F /* Main.storyboard */,
				D34A634F1B4CED0700710B1F /* Images.xcassets */,
				D34A63511B4CED0700710B1F /* LaunchScreen.xib */,
				70E3C0B71B6B9A3300A5C14E /* PopView.xib */,
				70E3C0B81B6B9A3300A5C14E /* PopView2.xib */,
				70E3C0B91B6B9A3300A5C14E /* PopView3.xib */,
				70E3C0BA1B6B9A3300A5C14E /* PopView4.xib */,
				D34A63421B4CED0700710B1F /* Supporting Files */,
			);
			path = SportsCircle;
			sourceTree = "<group>";
		};
		D34A63421B4CED0700710B1F /* Supporting Files */ = {
			isa = PBXGroup;
			children = (
				D34A63431B4CED0700710B1F /* Info.plist */,
				D34A63441B4CED0700710B1F /* main.m */,
			);
			name = "Supporting Files";
			sourceTree = "<group>";
		};
		D34A635B1B4CED0700710B1F /* SportsCircleTests */ = {
			isa = PBXGroup;
			children = (
				D34A635E1B4CED0700710B1F /* SportsCircleTests.m */,
				D34A635C1B4CED0700710B1F /* Supporting Files */,
			);
			path = SportsCircleTests;
			sourceTree = "<group>";
		};
		D34A635C1B4CED0700710B1F /* Supporting Files */ = {
			isa = PBXGroup;
			children = (
				D34A635D1B4CED0700710B1F /* Info.plist */,
			);
			name = "Supporting Files";
			sourceTree = "<group>";
		};
		D38158DD1B6901D600C68B17 /* AKPickerView */ = {
			isa = PBXGroup;
			children = (
				D38158DE1B6901D600C68B17 /* AKPickerView.h */,
				D38158DF1B6901D600C68B17 /* AKPickerView.m */,
			);
			path = AKPickerView;
			sourceTree = "<group>";
		};
		D3AD4CB71B64DC1F00FC7F8E /* framework */ = {
			isa = PBXGroup;
			children = (
				D3CFCC7D1B6F83F5000B98FC /* FBSDKCoreKit.framework */,
				D3CFCC7E1B6F83F5000B98FC /* FBSDKLoginKit.framework */,
				D3CFCC7F1B6F83F5000B98FC /* FBSDKShareKit.framework */,
				70E3C0B31B6B959D00A5C14E /* MapKit.framework */,
				70E3C0B51B6B969000A5C14E /* AssetsLibrary.framework */,
				D38158DD1B6901D600C68B17 /* AKPickerView */,
				D3AD4CB81B64DC5B00FC7F8E /* Bolts.framework */,
				D3AD4CB91B64DC5B00FC7F8E /* Parse.framework */,
				D3AD4CBA1B64DC5B00FC7F8E /* ParseCrashReporting.framework */,
				D3AD4CBB1B64DC5B00FC7F8E /* ParseFacebookUtils.framework */,
				D3AD4CBC1B64DC5B00FC7F8E /* ParseFacebookUtilsV4.framework */,
				D3AD4CBD1B64DC5B00FC7F8E /* ParseUI.framework */,
				D3AD4CB51B64DBE600FC7F8E /* libsqlite3.dylib */,
				D3AD4CB31B64DBDE00FC7F8E /* libz.dylib */,
				D3AD4CB11B64DBD500FC7F8E /* SystemConfiguration.framework */,
				D3AD4CAF1B64DBCB00FC7F8E /* StoreKit.framework */,
				D3AD4CAD1B64DBC300FC7F8E /* Security.framework */,
				D3AD4CAB1B64DBB200FC7F8E /* CoreLocation.framework */,
				D3AD4CA91B64DBA900FC7F8E /* CoreGraphics.framework */,
				D3AD4CA71B64DBA100FC7F8E /* CFNetwork.framework */,
				D3AD4CA51B64DB9200FC7F8E /* AudioToolbox.framework */,
				70D60FC31B55739C001BB4C9 /* QuartzCore.framework */,
			);
			name = framework;
			sourceTree = "<group>";
		};
/* End PBXGroup section */

/* Begin PBXNativeTarget section */
		D34A633E1B4CED0700710B1F /* SportsCircle */ = {
			isa = PBXNativeTarget;
			buildConfigurationList = D34A63621B4CED0700710B1F /* Build configuration list for PBXNativeTarget "SportsCircle" */;
			buildPhases = (
				D34A633B1B4CED0700710B1F /* Sources */,
				D34A633C1B4CED0700710B1F /* Frameworks */,
				D34A633D1B4CED0700710B1F /* Resources */,
			);
			buildRules = (
			);
			dependencies = (
			);
			name = SportsCircle;
			productName = SportsCircle;
			productReference = D34A633F1B4CED0700710B1F /* SportsCircle.app */;
			productType = "com.apple.product-type.application";
		};
		D34A63571B4CED0700710B1F /* SportsCircleTests */ = {
			isa = PBXNativeTarget;
			buildConfigurationList = D34A63651B4CED0700710B1F /* Build configuration list for PBXNativeTarget "SportsCircleTests" */;
			buildPhases = (
				D34A63541B4CED0700710B1F /* Sources */,
				D34A63551B4CED0700710B1F /* Frameworks */,
				D34A63561B4CED0700710B1F /* Resources */,
			);
			buildRules = (
			);
			dependencies = (
				D34A635A1B4CED0700710B1F /* PBXTargetDependency */,
			);
			name = SportsCircleTests;
			productName = SportsCircleTests;
			productReference = D34A63581B4CED0700710B1F /* SportsCircleTests.xctest */;
			productType = "com.apple.product-type.bundle.unit-test";
		};
/* End PBXNativeTarget section */

/* Begin PBXProject section */
		D34A63371B4CED0700710B1F /* Project object */ = {
			isa = PBXProject;
			attributes = {
				LastUpgradeCheck = 0640;
				ORGANIZATIONNAME = SportsCircle;
				TargetAttributes = {
					D34A633E1B4CED0700710B1F = {
						CreatedOnToolsVersion = 6.4;
					};
					D34A63571B4CED0700710B1F = {
						CreatedOnToolsVersion = 6.4;
						TestTargetID = D34A633E1B4CED0700710B1F;
					};
				};
			};
			buildConfigurationList = D34A633A1B4CED0700710B1F /* Build configuration list for PBXProject "SportsCircle" */;
			compatibilityVersion = "Xcode 3.2";
			developmentRegion = English;
			hasScannedForEncodings = 0;
			knownRegions = (
				en,
				Base,
			);
			mainGroup = D34A63361B4CED0700710B1F;
			productRefGroup = D34A63401B4CED0700710B1F /* Products */;
			projectDirPath = "";
			projectRoot = "";
			targets = (
				D34A633E1B4CED0700710B1F /* SportsCircle */,
				D34A63571B4CED0700710B1F /* SportsCircleTests */,
			);
		};
/* End PBXProject section */

/* Begin PBXResourcesBuildPhase section */
		D34A633D1B4CED0700710B1F /* Resources */ = {
			isa = PBXResourcesBuildPhase;
			buildActionMask = 2147483647;
			files = (
				70E3C0AD1B6B954800A5C14E /* map-pin-746123_640.png in Resources */,
				7076B5D61B6F247D004E81EF /* edit.png in Resources */,
				D34A634E1B4CED0700710B1F /* Main.storyboard in Resources */,
				70E3C0AE1B6B954800A5C14E /* time.png in Resources */,
				70E3C0AC1B6B954800A5C14E /* popFrame.png in Resources */,
				70E3C0B11B6B954800A5C14E /* camera.png in Resources */,
				70E3C0AF1B6B954800A5C14E /* location.png in Resources */,
				70E3C0BB1B6B9A3300A5C14E /* PopView.xib in Resources */,
				7076B5D71B6F247D004E81EF /* edit1x.png in Resources */,
				70E3C0B01B6B954800A5C14E /* pen.png in Resources */,
				70E3C0BC1B6B9A3300A5C14E /* PopView2.xib in Resources */,
				D34A63531B4CED0700710B1F /* LaunchScreen.xib in Resources */,
				70E3C0BD1B6B9A3300A5C14E /* PopView3.xib in Resources */,
				D34A63501B4CED0700710B1F /* Images.xcassets in Resources */,
				70E3C0BE1B6B9A3300A5C14E /* PopView4.xib in Resources */,
			);
			runOnlyForDeploymentPostprocessing = 0;
		};
		D34A63561B4CED0700710B1F /* Resources */ = {
			isa = PBXResourcesBuildPhase;
			buildActionMask = 2147483647;
			files = (
			);
			runOnlyForDeploymentPostprocessing = 0;
		};
/* End PBXResourcesBuildPhase section */

/* Begin PBXSourcesBuildPhase section */
		D34A633B1B4CED0700710B1F /* Sources */ = {
			isa = PBXSourcesBuildPhase;
			buildActionMask = 2147483647;
			files = (
				768A20291B6F0505005A7E66 /* MapRecordingViewController.m in Sources */,
				768A202C1B6F090E005A7E66 /* EndRecordingViewController.m in Sources */,
				70D60FC21B5569BA001BB4C9 /* TrendViewController.m in Sources */,
				70E3C0A51B6B94E500A5C14E /* mapViewController.m in Sources */,
				7666690A1B674D3900280B20 /* PostMainViewController.m in Sources */,
				D34A634B1B4CED0700710B1F /* ViewController.m in Sources */,
				70E3C0C81B6B9A6C00A5C14E /* PopView2.m in Sources */,
				D3CFCC851B6F952D000B98FC /* SettingsViewController.m in Sources */,
				70E3C0C71B6B9A6C00A5C14E /* PopView.m in Sources */,
				70E3C0C91B6B9A6C00A5C14E /* PopView3.m in Sources */,
				D3AD4CC61B64DD4B00FC7F8E /* LoginViewController.m in Sources */,
				70E3C0CA1B6B9A6C00A5C14E /* PopView4.m in Sources */,
				D34A63481B4CED0700710B1F /* AppDelegate.m in Sources */,
				768A20261B6EFD3F005A7E66 /* RecordingViewController.m in Sources */,
				7076B5D31B6F2450004E81EF /* scheduleTableViewController.m in Sources */,
				7076B5D11B6F2450004E81EF /* scheduleDetailViewController.m in Sources */,
				702BBACA1B5547FE00C09B9B /* SignUpViewController.m in Sources */,
				7076B5D21B6F2450004E81EF /* scheduleTableViewCell.m in Sources */,
				D38B8D3A1B71B84200124706 /* EditProfileTableViewController.m in Sources */,
				D38158E01B6901D600C68B17 /* AKPickerView.m in Sources */,
				D34A63451B4CED0700710B1F /* main.m in Sources */,
			);
			runOnlyForDeploymentPostprocessing = 0;
		};
		D34A63541B4CED0700710B1F /* Sources */ = {
			isa = PBXSourcesBuildPhase;
			buildActionMask = 2147483647;
			files = (
				D34A635F1B4CED0700710B1F /* SportsCircleTests.m in Sources */,
			);
			runOnlyForDeploymentPostprocessing = 0;
		};
/* End PBXSourcesBuildPhase section */

/* Begin PBXTargetDependency section */
		D34A635A1B4CED0700710B1F /* PBXTargetDependency */ = {
			isa = PBXTargetDependency;
			target = D34A633E1B4CED0700710B1F /* SportsCircle */;
			targetProxy = D34A63591B4CED0700710B1F /* PBXContainerItemProxy */;
		};
/* End PBXTargetDependency section */

/* Begin PBXVariantGroup section */
		D34A634C1B4CED0700710B1F /* Main.storyboard */ = {
			isa = PBXVariantGroup;
			children = (
				D34A634D1B4CED0700710B1F /* Base */,
			);
			name = Main.storyboard;
			sourceTree = "<group>";
		};
		D34A63511B4CED0700710B1F /* LaunchScreen.xib */ = {
			isa = PBXVariantGroup;
			children = (
				D34A63521B4CED0700710B1F /* Base */,
			);
			name = LaunchScreen.xib;
			sourceTree = "<group>";
		};
/* End PBXVariantGroup section */

/* Begin XCBuildConfiguration section */
		D34A63601B4CED0700710B1F /* Debug */ = {
			isa = XCBuildConfiguration;
			buildSettings = {
				ALWAYS_SEARCH_USER_PATHS = NO;
				CLANG_CXX_LANGUAGE_STANDARD = "gnu++0x";
				CLANG_CXX_LIBRARY = "libc++";
				CLANG_ENABLE_MODULES = YES;
				CLANG_ENABLE_OBJC_ARC = YES;
				CLANG_WARN_BOOL_CONVERSION = YES;
				CLANG_WARN_CONSTANT_CONVERSION = YES;
				CLANG_WARN_DIRECT_OBJC_ISA_USAGE = YES_ERROR;
				CLANG_WARN_EMPTY_BODY = YES;
				CLANG_WARN_ENUM_CONVERSION = YES;
				CLANG_WARN_INT_CONVERSION = YES;
				CLANG_WARN_OBJC_ROOT_CLASS = YES_ERROR;
				CLANG_WARN_UNREACHABLE_CODE = YES;
				CLANG_WARN__DUPLICATE_METHOD_MATCH = YES;
				"CODE_SIGN_IDENTITY[sdk=iphoneos*]" = "iPhone Developer";
				COPY_PHASE_STRIP = NO;
				DEBUG_INFORMATION_FORMAT = "dwarf-with-dsym";
				ENABLE_STRICT_OBJC_MSGSEND = YES;
				GCC_C_LANGUAGE_STANDARD = gnu99;
				GCC_DYNAMIC_NO_PIC = NO;
				GCC_NO_COMMON_BLOCKS = YES;
				GCC_OPTIMIZATION_LEVEL = 0;
				GCC_PREPROCESSOR_DEFINITIONS = (
					"DEBUG=1",
					"$(inherited)",
				);
				GCC_SYMBOLS_PRIVATE_EXTERN = NO;
				GCC_WARN_64_TO_32_BIT_CONVERSION = YES;
				GCC_WARN_ABOUT_RETURN_TYPE = YES_ERROR;
				GCC_WARN_UNDECLARED_SELECTOR = YES;
				GCC_WARN_UNINITIALIZED_AUTOS = YES_AGGRESSIVE;
				GCC_WARN_UNUSED_FUNCTION = YES;
				GCC_WARN_UNUSED_VARIABLE = YES;
				IPHONEOS_DEPLOYMENT_TARGET = 8.4;
				MTL_ENABLE_DEBUG_INFO = YES;
				ONLY_ACTIVE_ARCH = YES;
				SDKROOT = iphoneos;
				TARGETED_DEVICE_FAMILY = "1,2";
			};
			name = Debug;
		};
		D34A63611B4CED0700710B1F /* Release */ = {
			isa = XCBuildConfiguration;
			buildSettings = {
				ALWAYS_SEARCH_USER_PATHS = NO;
				CLANG_CXX_LANGUAGE_STANDARD = "gnu++0x";
				CLANG_CXX_LIBRARY = "libc++";
				CLANG_ENABLE_MODULES = YES;
				CLANG_ENABLE_OBJC_ARC = YES;
				CLANG_WARN_BOOL_CONVERSION = YES;
				CLANG_WARN_CONSTANT_CONVERSION = YES;
				CLANG_WARN_DIRECT_OBJC_ISA_USAGE = YES_ERROR;
				CLANG_WARN_EMPTY_BODY = YES;
				CLANG_WARN_ENUM_CONVERSION = YES;
				CLANG_WARN_INT_CONVERSION = YES;
				CLANG_WARN_OBJC_ROOT_CLASS = YES_ERROR;
				CLANG_WARN_UNREACHABLE_CODE = YES;
				CLANG_WARN__DUPLICATE_METHOD_MATCH = YES;
				"CODE_SIGN_IDENTITY[sdk=iphoneos*]" = "iPhone Developer";
				COPY_PHASE_STRIP = NO;
				DEBUG_INFORMATION_FORMAT = "dwarf-with-dsym";
				ENABLE_NS_ASSERTIONS = NO;
				ENABLE_STRICT_OBJC_MSGSEND = YES;
				GCC_C_LANGUAGE_STANDARD = gnu99;
				GCC_NO_COMMON_BLOCKS = YES;
				GCC_WARN_64_TO_32_BIT_CONVERSION = YES;
				GCC_WARN_ABOUT_RETURN_TYPE = YES_ERROR;
				GCC_WARN_UNDECLARED_SELECTOR = YES;
				GCC_WARN_UNINITIALIZED_AUTOS = YES_AGGRESSIVE;
				GCC_WARN_UNUSED_FUNCTION = YES;
				GCC_WARN_UNUSED_VARIABLE = YES;
				IPHONEOS_DEPLOYMENT_TARGET = 8.4;
				MTL_ENABLE_DEBUG_INFO = NO;
				SDKROOT = iphoneos;
				TARGETED_DEVICE_FAMILY = "1,2";
				VALIDATE_PRODUCT = YES;
			};
			name = Release;
		};
		D34A63631B4CED0700710B1F /* Debug */ = {
			isa = XCBuildConfiguration;
			buildSettings = {
				ASSETCATALOG_COMPILER_APPICON_NAME = AppIcon;
				FRAMEWORK_SEARCH_PATHS = (
					"$(inherited)",
					"$(PROJECT_DIR)",
				);
				INFOPLIST_FILE = SportsCircle/Info.plist;
				LD_RUNPATH_SEARCH_PATHS = "$(inherited) @executable_path/Frameworks";
				PRODUCT_NAME = "$(TARGET_NAME)";
			};
			name = Debug;
		};
		D34A63641B4CED0700710B1F /* Release */ = {
			isa = XCBuildConfiguration;
			buildSettings = {
				ASSETCATALOG_COMPILER_APPICON_NAME = AppIcon;
				FRAMEWORK_SEARCH_PATHS = (
					"$(inherited)",
					"$(PROJECT_DIR)",
				);
				INFOPLIST_FILE = SportsCircle/Info.plist;
				LD_RUNPATH_SEARCH_PATHS = "$(inherited) @executable_path/Frameworks";
				PRODUCT_NAME = "$(TARGET_NAME)";
			};
			name = Release;
		};
		D34A63661B4CED0700710B1F /* Debug */ = {
			isa = XCBuildConfiguration;
			buildSettings = {
				BUNDLE_LOADER = "$(TEST_HOST)";
				FRAMEWORK_SEARCH_PATHS = (
					"$(SDKROOT)/Developer/Library/Frameworks",
					"$(inherited)",
				);
				GCC_PREPROCESSOR_DEFINITIONS = (
					"DEBUG=1",
					"$(inherited)",
				);
				INFOPLIST_FILE = SportsCircleTests/Info.plist;
				LD_RUNPATH_SEARCH_PATHS = "$(inherited) @executable_path/Frameworks @loader_path/Frameworks";
				PRODUCT_NAME = "$(TARGET_NAME)";
				TEST_HOST = "$(BUILT_PRODUCTS_DIR)/SportsCircle.app/SportsCircle";
			};
			name = Debug;
		};
		D34A63671B4CED0700710B1F /* Release */ = {
			isa = XCBuildConfiguration;
			buildSettings = {
				BUNDLE_LOADER = "$(TEST_HOST)";
				FRAMEWORK_SEARCH_PATHS = (
					"$(SDKROOT)/Developer/Library/Frameworks",
					"$(inherited)",
				);
				INFOPLIST_FILE = SportsCircleTests/Info.plist;
				LD_RUNPATH_SEARCH_PATHS = "$(inherited) @executable_path/Frameworks @loader_path/Frameworks";
				PRODUCT_NAME = "$(TARGET_NAME)";
				TEST_HOST = "$(BUILT_PRODUCTS_DIR)/SportsCircle.app/SportsCircle";
			};
			name = Release;
		};
/* End XCBuildConfiguration section */

/* Begin XCConfigurationList section */
		D34A633A1B4CED0700710B1F /* Build configuration list for PBXProject "SportsCircle" */ = {
			isa = XCConfigurationList;
			buildConfigurations = (
				D34A63601B4CED0700710B1F /* Debug */,
				D34A63611B4CED0700710B1F /* Release */,
			);
			defaultConfigurationIsVisible = 0;
			defaultConfigurationName = Release;
		};
		D34A63621B4CED0700710B1F /* Build configuration list for PBXNativeTarget "SportsCircle" */ = {
			isa = XCConfigurationList;
			buildConfigurations = (
				D34A63631B4CED0700710B1F /* Debug */,
				D34A63641B4CED0700710B1F /* Release */,
			);
			defaultConfigurationIsVisible = 0;
			defaultConfigurationName = Release;
		};
		D34A63651B4CED0700710B1F /* Build configuration list for PBXNativeTarget "SportsCircleTests" */ = {
			isa = XCConfigurationList;
			buildConfigurations = (
				D34A63661B4CED0700710B1F /* Debug */,
				D34A63671B4CED0700710B1F /* Release */,
			);
			defaultConfigurationIsVisible = 0;
			defaultConfigurationName = Release;
		};
/* End XCConfigurationList section */
	};
	rootObject = D34A63371B4CED0700710B1F /* Project object */;
}
