// !$*UTF8*$!
{
	archiveVersion = 1;
	classes = {
	};
	objectVersion = 46;
	objects = {

/* Begin PBXBuildFile section */
		702BBACA1B5547FE00C09B9B /* SignUpViewController.m in Sources */ = {isa = PBXBuildFile; fileRef = 702BBAC91B5547FE00C09B9B /* SignUpViewController.m */; };
		703E3E8C1B722B7300768912 /* TrendTableViewCell.m in Sources */ = {isa = PBXBuildFile; fileRef = 703E3E8B1B722B7300768912 /* TrendTableViewCell.m */; };
		705A3D011B817F2F0019F7A8 /* MyImageAnnotationView.m in Sources */ = {isa = PBXBuildFile; fileRef = 705A3D001B817F2F0019F7A8 /* MyImageAnnotationView.m */; };
		705A3D171B820C270019F7A8 /* searchLocationViewController.m in Sources */ = {isa = PBXBuildFile; fileRef = 705A3D161B820C270019F7A8 /* searchLocationViewController.m */; };
		705A3DD81B83336C0019F7A8 /* MBProgressHUD.m in Sources */ = {isa = PBXBuildFile; fileRef = 705A3DD71B83336C0019F7A8 /* MBProgressHUD.m */; };
		705B4DD51B7B84680019FC7D /* SearchTableViewCell.m in Sources */ = {isa = PBXBuildFile; fileRef = 705B4DD41B7B84680019FC7D /* SearchTableViewCell.m */; };
		70611E9C1B8C55D40028DFF2 /* myPostImageView.m in Sources */ = {isa = PBXBuildFile; fileRef = 70611E9B1B8C55D40028DFF2 /* myPostImageView.m */; };
		7072471C1B7C28AC00034F62 /* scheduleTableViewCell.m in Sources */ = {isa = PBXBuildFile; fileRef = 7072471B1B7C28AC00034F62 /* scheduleTableViewCell.m */; };
		7076B5DA1B6FA972004E81EF /* scheduleEditViewController.m in Sources */ = {isa = PBXBuildFile; fileRef = 7076B5D91B6FA972004E81EF /* scheduleEditViewController.m */; };
		7076B5DD1B70D496004E81EF /* SearchViewController.m in Sources */ = {isa = PBXBuildFile; fileRef = 7076B5DC1B70D496004E81EF /* SearchViewController.m */; };
		708574CB1B87397200700654 /* MyPointAnnotation.m in Sources */ = {isa = PBXBuildFile; fileRef = 708574C81B87397200700654 /* MyPointAnnotation.m */; };
		708574CC1B87397200700654 /* MyButton.m in Sources */ = {isa = PBXBuildFile; fileRef = 708574CA1B87397200700654 /* MyButton.m */; };
		70D4B7E01B7E2432000C66C7 /* readPostViewController.m in Sources */ = {isa = PBXBuildFile; fileRef = 70D4B7DF1B7E2432000C66C7 /* readPostViewController.m */; };
		70D60FC21B5569BA001BB4C9 /* TrendViewController.m in Sources */ = {isa = PBXBuildFile; fileRef = 70D60FC11B5569BA001BB4C9 /* TrendViewController.m */; };
		70D60FC41B55739C001BB4C9 /* QuartzCore.framework in Frameworks */ = {isa = PBXBuildFile; fileRef = 70D60FC31B55739C001BB4C9 /* QuartzCore.framework */; };
		70E3C0A51B6B94E500A5C14E /* mapViewController.m in Sources */ = {isa = PBXBuildFile; fileRef = 70E3C0A41B6B94E500A5C14E /* mapViewController.m */; };
		70E3C0B41B6B959D00A5C14E /* MapKit.framework in Frameworks */ = {isa = PBXBuildFile; fileRef = 70E3C0B31B6B959D00A5C14E /* MapKit.framework */; };
		70E3C0B61B6B969000A5C14E /* AssetsLibrary.framework in Frameworks */ = {isa = PBXBuildFile; fileRef = 70E3C0B51B6B969000A5C14E /* AssetsLibrary.framework */; };
		70E3C0BB1B6B9A3300A5C14E /* PopView.xib in Resources */ = {isa = PBXBuildFile; fileRef = 70E3C0B71B6B9A3300A5C14E /* PopView.xib */; };
		70E3C0BC1B6B9A3300A5C14E /* PopView2.xib in Resources */ = {isa = PBXBuildFile; fileRef = 70E3C0B81B6B9A3300A5C14E /* PopView2.xib */; };
		70E3C0BD1B6B9A3300A5C14E /* PopView3.xib in Resources */ = {isa = PBXBuildFile; fileRef = 70E3C0B91B6B9A3300A5C14E /* PopView3.xib */; };
		70E3C0BE1B6B9A3300A5C14E /* PopView4.xib in Resources */ = {isa = PBXBuildFile; fileRef = 70E3C0BA1B6B9A3300A5C14E /* PopView4.xib */; };
		70E3C0C71B6B9A6C00A5C14E /* PopView.m in Sources */ = {isa = PBXBuildFile; fileRef = 70E3C0C01B6B9A6C00A5C14E /* PopView.m */; };
		70E3C0C81B6B9A6C00A5C14E /* PopView2.m in Sources */ = {isa = PBXBuildFile; fileRef = 70E3C0C21B6B9A6C00A5C14E /* PopView2.m */; };
		70E3C0C91B6B9A6C00A5C14E /* PopView3.m in Sources */ = {isa = PBXBuildFile; fileRef = 70E3C0C41B6B9A6C00A5C14E /* PopView3.m */; };
		70E3C0CA1B6B9A6C00A5C14E /* PopView4.m in Sources */ = {isa = PBXBuildFile; fileRef = 70E3C0C61B6B9A6C00A5C14E /* PopView4.m */; };
		70FE83621B8AED4C00E1D2B5 /* Images.xcassets in Resources */ = {isa = PBXBuildFile; fileRef = 70FE83611B8AED4C00E1D2B5 /* Images.xcassets */; };
		764C47B61B735CBD00AC09E8 /* libsqlite3.dylib in Frameworks */ = {isa = PBXBuildFile; fileRef = 764C47B51B735CBD00AC09E8 /* libsqlite3.dylib */; };
		764C47B81B735CD100AC09E8 /* libz.dylib in Frameworks */ = {isa = PBXBuildFile; fileRef = 764C47B71B735CD000AC09E8 /* libz.dylib */; };
		764C47BB1B735EDE00AC09E8 /* PersonalPageViewController.m in Sources */ = {isa = PBXBuildFile; fileRef = 764C47BA1B735EDE00AC09E8 /* PersonalPageViewController.m */; };
		764C47BE1B735FB700AC09E8 /* PersonalPageTableViewCell.m in Sources */ = {isa = PBXBuildFile; fileRef = 764C47BD1B735FB700AC09E8 /* PersonalPageTableViewCell.m */; };
		766225581B8A531A00A639B0 /* ABFillButton.m in Sources */ = {isa = PBXBuildFile; fileRef = 766225571B8A531A00A639B0 /* ABFillButton.m */; };
		7666690A1B674D3900280B20 /* PostMainViewController.m in Sources */ = {isa = PBXBuildFile; fileRef = 766669091B674D3900280B20 /* PostMainViewController.m */; };
		766B4CC71B84E5BC00ECC920 /* DKCircleButton.m in Sources */ = {isa = PBXBuildFile; fileRef = 766B4CC61B84E5BC00ECC920 /* DKCircleButton.m */; };
		766B4CCB1B84EF2400ECC920 /* LBHamburgerButton.m in Sources */ = {isa = PBXBuildFile; fileRef = 766B4CCA1B84EF2400ECC920 /* LBHamburgerButton.m */; };
		768A20261B6EFD3F005A7E66 /* RecordingViewController.m in Sources */ = {isa = PBXBuildFile; fileRef = 768A20251B6EFD3F005A7E66 /* RecordingViewController.m */; };
		768A20291B6F0505005A7E66 /* MapRecordingViewController.m in Sources */ = {isa = PBXBuildFile; fileRef = 768A20281B6F0505005A7E66 /* MapRecordingViewController.m */; };
		76A406CD1B7CDFFD00034BF6 /* endRecordingTableViewController.m in Sources */ = {isa = PBXBuildFile; fileRef = 76A406CC1B7CDFFD00034BF6 /* endRecordingTableViewController.m */; };
		76F2DDD31B7A3AFC00B50AAB /* FriendTableViewController.m in Sources */ = {isa = PBXBuildFile; fileRef = 76F2DDD21B7A3AFC00B50AAB /* FriendTableViewController.m */; };
		76F2DDD61B7A3B2700B50AAB /* FriendsTableViewCell.m in Sources */ = {isa = PBXBuildFile; fileRef = 76F2DDD51B7A3B2700B50AAB /* FriendsTableViewCell.m */; };
		D30CA2081B74A9AD00CE61AD /* scheduleDetailViewController.m in Sources */ = {isa = PBXBuildFile; fileRef = D30CA2031B74A9AD00CE61AD /* scheduleDetailViewController.m */; };
		D30CA20A1B74A9AD00CE61AD /* scheduleTableViewController.m in Sources */ = {isa = PBXBuildFile; fileRef = D30CA2071B74A9AD00CE61AD /* scheduleTableViewController.m */; };
		D30CA2171B74AA2100CE61AD /* AKPickerView.m in Sources */ = {isa = PBXBuildFile; fileRef = D30CA20D1B74AA2100CE61AD /* AKPickerView.m */; };
		D30CA2181B74AA2100CE61AD /* Bolts.framework in Frameworks */ = {isa = PBXBuildFile; fileRef = D30CA20E1B74AA2100CE61AD /* Bolts.framework */; };
		D30CA2191B74AA2100CE61AD /* FBSDKCoreKit.framework in Frameworks */ = {isa = PBXBuildFile; fileRef = D30CA20F1B74AA2100CE61AD /* FBSDKCoreKit.framework */; };
		D30CA21A1B74AA2100CE61AD /* FBSDKLoginKit.framework in Frameworks */ = {isa = PBXBuildFile; fileRef = D30CA2101B74AA2100CE61AD /* FBSDKLoginKit.framework */; };
		D30CA21B1B74AA2100CE61AD /* FBSDKShareKit.framework in Frameworks */ = {isa = PBXBuildFile; fileRef = D30CA2111B74AA2100CE61AD /* FBSDKShareKit.framework */; };
		D30CA21D1B74AA2100CE61AD /* ParseCrashReporting.framework in Frameworks */ = {isa = PBXBuildFile; fileRef = D30CA2131B74AA2100CE61AD /* ParseCrashReporting.framework */; };
		D30CA21E1B74AA2100CE61AD /* ParseFacebookUtils.framework in Frameworks */ = {isa = PBXBuildFile; fileRef = D30CA2141B74AA2100CE61AD /* ParseFacebookUtils.framework */; };
		D30CA21F1B74AA2100CE61AD /* ParseFacebookUtilsV4.framework in Frameworks */ = {isa = PBXBuildFile; fileRef = D30CA2151B74AA2100CE61AD /* ParseFacebookUtilsV4.framework */; };
		D30CA2201B74AA2100CE61AD /* ParseUI.framework in Frameworks */ = {isa = PBXBuildFile; fileRef = D30CA2161B74AA2100CE61AD /* ParseUI.framework */; };
		D332FB1F1B81C70D0059CD0D /* NotificationTableViewController.m in Sources */ = {isa = PBXBuildFile; fileRef = D332FB1E1B81C70D0059CD0D /* NotificationTableViewController.m */; };
		D341CB321B84C23C0038D477 /* CAAnimation+WAnimation.m in Sources */ = {isa = PBXBuildFile; fileRef = D341CB2C1B84C23C0038D477 /* CAAnimation+WAnimation.m */; };
		D341CB331B84C23C0038D477 /* UIView+Frame.m in Sources */ = {isa = PBXBuildFile; fileRef = D341CB2E1B84C23C0038D477 /* UIView+Frame.m */; };
		D341CB341B84C23C0038D477 /* UIView+WZLBadge.m in Sources */ = {isa = PBXBuildFile; fileRef = D341CB301B84C23C0038D477 /* UIView+WZLBadge.m */; };
		D34A63451B4CED0700710B1F /* main.m in Sources */ = {isa = PBXBuildFile; fileRef = D34A63441B4CED0700710B1F /* main.m */; };
		D34A63481B4CED0700710B1F /* AppDelegate.m in Sources */ = {isa = PBXBuildFile; fileRef = D34A63471B4CED0700710B1F /* AppDelegate.m */; };
		D34A634B1B4CED0700710B1F /* ViewController.m in Sources */ = {isa = PBXBuildFile; fileRef = D34A634A1B4CED0700710B1F /* ViewController.m */; };
		D34A634E1B4CED0700710B1F /* Main.storyboard in Resources */ = {isa = PBXBuildFile; fileRef = D34A634C1B4CED0700710B1F /* Main.storyboard */; };
		D34A63531B4CED0700710B1F /* LaunchScreen.xib in Resources */ = {isa = PBXBuildFile; fileRef = D34A63511B4CED0700710B1F /* LaunchScreen.xib */; };
		D34A635F1B4CED0700710B1F /* SportsCircleTests.m in Sources */ = {isa = PBXBuildFile; fileRef = D34A635E1B4CED0700710B1F /* SportsCircleTests.m */; };
		D34F11F11B8DD915007FEE00 /* Reachability.m in Sources */ = {isa = PBXBuildFile; fileRef = D34F11F01B8DD915007FEE00 /* Reachability.m */; };
		D34FCE1E1B7B86870002DE1A /* FUIAlertView.m in Sources */ = {isa = PBXBuildFile; fileRef = D34FCDF71B7B86870002DE1A /* FUIAlertView.m */; };
		D34FCE1F1B7B86870002DE1A /* FUIButton.m in Sources */ = {isa = PBXBuildFile; fileRef = D34FCDF91B7B86870002DE1A /* FUIButton.m */; };
		D34FCE201B7B86870002DE1A /* FUICellBackgroundView.m in Sources */ = {isa = PBXBuildFile; fileRef = D34FCDFB1B7B86870002DE1A /* FUICellBackgroundView.m */; };
		D34FCE211B7B86870002DE1A /* FUIPopoverBackgroundView.m in Sources */ = {isa = PBXBuildFile; fileRef = D34FCDFD1B7B86870002DE1A /* FUIPopoverBackgroundView.m */; };
		D34FCE221B7B86870002DE1A /* FUISegmentedControl.m in Sources */ = {isa = PBXBuildFile; fileRef = D34FCDFF1B7B86870002DE1A /* FUISegmentedControl.m */; };
		D34FCE231B7B86870002DE1A /* FUISwitch.m in Sources */ = {isa = PBXBuildFile; fileRef = D34FCE011B7B86870002DE1A /* FUISwitch.m */; };
		D34FCE241B7B86870002DE1A /* FUITextField.m in Sources */ = {isa = PBXBuildFile; fileRef = D34FCE031B7B86870002DE1A /* FUITextField.m */; };
		D34FCE251B7B86870002DE1A /* NSString+Icons.m in Sources */ = {isa = PBXBuildFile; fileRef = D34FCE051B7B86870002DE1A /* NSString+Icons.m */; };
		D34FCE261B7B86870002DE1A /* UIBarButtonItem+FlatUI.m in Sources */ = {isa = PBXBuildFile; fileRef = D34FCE071B7B86870002DE1A /* UIBarButtonItem+FlatUI.m */; };
		D34FCE271B7B86870002DE1A /* UIColor+FlatUI.m in Sources */ = {isa = PBXBuildFile; fileRef = D34FCE091B7B86870002DE1A /* UIColor+FlatUI.m */; };
		D34FCE281B7B86870002DE1A /* UIFont+FlatUI.m in Sources */ = {isa = PBXBuildFile; fileRef = D34FCE0B1B7B86870002DE1A /* UIFont+FlatUI.m */; };
		D34FCE291B7B86870002DE1A /* UIImage+FlatUI.m in Sources */ = {isa = PBXBuildFile; fileRef = D34FCE0D1B7B86870002DE1A /* UIImage+FlatUI.m */; };
		D34FCE2A1B7B86870002DE1A /* UINavigationBar+FlatUI.m in Sources */ = {isa = PBXBuildFile; fileRef = D34FCE0F1B7B86870002DE1A /* UINavigationBar+FlatUI.m */; };
		D34FCE2B1B7B86870002DE1A /* UIPopoverController+FlatUI.m in Sources */ = {isa = PBXBuildFile; fileRef = D34FCE111B7B86870002DE1A /* UIPopoverController+FlatUI.m */; };
		D34FCE2C1B7B86870002DE1A /* UIProgressView+FlatUI.m in Sources */ = {isa = PBXBuildFile; fileRef = D34FCE131B7B86870002DE1A /* UIProgressView+FlatUI.m */; };
		D34FCE2D1B7B86870002DE1A /* UISlider+FlatUI.m in Sources */ = {isa = PBXBuildFile; fileRef = D34FCE151B7B86870002DE1A /* UISlider+FlatUI.m */; };
		D34FCE2E1B7B86870002DE1A /* UIStepper+FlatUI.m in Sources */ = {isa = PBXBuildFile; fileRef = D34FCE171B7B86870002DE1A /* UIStepper+FlatUI.m */; };
		D34FCE2F1B7B86870002DE1A /* UITabBar+FlatUI.m in Sources */ = {isa = PBXBuildFile; fileRef = D34FCE191B7B86870002DE1A /* UITabBar+FlatUI.m */; };
		D34FCE301B7B86870002DE1A /* UITableViewCell+FlatUI.m in Sources */ = {isa = PBXBuildFile; fileRef = D34FCE1B1B7B86870002DE1A /* UITableViewCell+FlatUI.m */; };
		D34FCE311B7B86870002DE1A /* UIToolbar+FlatUI.m in Sources */ = {isa = PBXBuildFile; fileRef = D34FCE1D1B7B86870002DE1A /* UIToolbar+FlatUI.m */; };
		D3541A471B786FA3003F4D15 /* DetailImageViewController.m in Sources */ = {isa = PBXBuildFile; fileRef = D3541A461B786FA3003F4D15 /* DetailImageViewController.m */; };
		D3541A4A1B786FD3003F4D15 /* ImageCollectionViewCell.m in Sources */ = {isa = PBXBuildFile; fileRef = D3541A491B786FD3003F4D15 /* ImageCollectionViewCell.m */; };
		D3541A4D1B787003003F4D15 /* CustomCellBackgroundView.m in Sources */ = {isa = PBXBuildFile; fileRef = D3541A4C1B787003003F4D15 /* CustomCellBackgroundView.m */; };
		D35B58661B897E3900C51577 /* PrivacyFromRegisterViewController.m in Sources */ = {isa = PBXBuildFile; fileRef = D35B58651B897E3900C51577 /* PrivacyFromRegisterViewController.m */; };
		D38B8D3A1B71B84200124706 /* EditProfileTableViewController.m in Sources */ = {isa = PBXBuildFile; fileRef = D38B8D391B71B84200124706 /* EditProfileTableViewController.m */; };
		D3AD4CA61B64DB9200FC7F8E /* AudioToolbox.framework in Frameworks */ = {isa = PBXBuildFile; fileRef = D3AD4CA51B64DB9200FC7F8E /* AudioToolbox.framework */; };
		D3AD4CA81B64DBA100FC7F8E /* CFNetwork.framework in Frameworks */ = {isa = PBXBuildFile; fileRef = D3AD4CA71B64DBA100FC7F8E /* CFNetwork.framework */; };
		D3AD4CAA1B64DBA900FC7F8E /* CoreGraphics.framework in Frameworks */ = {isa = PBXBuildFile; fileRef = D3AD4CA91B64DBA900FC7F8E /* CoreGraphics.framework */; };
		D3AD4CAC1B64DBB200FC7F8E /* CoreLocation.framework in Frameworks */ = {isa = PBXBuildFile; fileRef = D3AD4CAB1B64DBB200FC7F8E /* CoreLocation.framework */; };
		D3AD4CAE1B64DBC300FC7F8E /* Security.framework in Frameworks */ = {isa = PBXBuildFile; fileRef = D3AD4CAD1B64DBC300FC7F8E /* Security.framework */; };
		D3AD4CB01B64DBCB00FC7F8E /* StoreKit.framework in Frameworks */ = {isa = PBXBuildFile; fileRef = D3AD4CAF1B64DBCB00FC7F8E /* StoreKit.framework */; };
		D3AD4CB21B64DBD500FC7F8E /* SystemConfiguration.framework in Frameworks */ = {isa = PBXBuildFile; fileRef = D3AD4CB11B64DBD500FC7F8E /* SystemConfiguration.framework */; };
		D3AD4CC61B64DD4B00FC7F8E /* LoginViewController.m in Sources */ = {isa = PBXBuildFile; fileRef = D3AD4CC51B64DD4B00FC7F8E /* LoginViewController.m */; };
		D3CFCC851B6F952D000B98FC /* SettingsViewController.m in Sources */ = {isa = PBXBuildFile; fileRef = D3CFCC841B6F952D000B98FC /* SettingsViewController.m */; };
		D3E4B0201B72F7160082DE6B /* FavoriteSportViewController.m in Sources */ = {isa = PBXBuildFile; fileRef = D3E4B01F1B72F7160082DE6B /* FavoriteSportViewController.m */; };
		D3F450421B74AB3B008A1486 /* Parse.framework in Frameworks */ = {isa = PBXBuildFile; fileRef = D3F450411B74AB3B008A1486 /* Parse.framework */; };
		D3FCA06F1B875D7900AB927E /* PrivacyViewController.m in Sources */ = {isa = PBXBuildFile; fileRef = D3FCA06E1B875D7900AB927E /* PrivacyViewController.m */; };
/* End PBXBuildFile section */

/* Begin PBXContainerItemProxy section */
		D34A63591B4CED0700710B1F /* PBXContainerItemProxy */ = {
			isa = PBXContainerItemProxy;
			containerPortal = D34A63371B4CED0700710B1F /* Project object */;
			proxyType = 1;
			remoteGlobalIDString = D34A633E1B4CED0700710B1F;
			remoteInfo = SportsCircle;
		};
/* End PBXContainerItemProxy section */

/* Begin PBXFileReference section */
		702032241B7351790059F06C /* libz.dylib */ = {isa = PBXFileReference; lastKnownFileType = "compiled.mach-o.dylib"; name = libz.dylib; path = usr/lib/libz.dylib; sourceTree = SDKROOT; };
		702032261B7351820059F06C /* libsqlite3.dylib */ = {isa = PBXFileReference; lastKnownFileType = "compiled.mach-o.dylib"; name = libsqlite3.dylib; path = usr/lib/libsqlite3.dylib; sourceTree = SDKROOT; };
		702BBAC81B5547FE00C09B9B /* SignUpViewController.h */ = {isa = PBXFileReference; fileEncoding = 4; lastKnownFileType = sourcecode.c.h; path = SignUpViewController.h; sourceTree = "<group>"; };
		702BBAC91B5547FE00C09B9B /* SignUpViewController.m */ = {isa = PBXFileReference; fileEncoding = 4; lastKnownFileType = sourcecode.c.objc; path = SignUpViewController.m; sourceTree = "<group>"; };
		703E3E8A1B722B7300768912 /* TrendTableViewCell.h */ = {isa = PBXFileReference; fileEncoding = 4; lastKnownFileType = sourcecode.c.h; path = TrendTableViewCell.h; sourceTree = "<group>"; };
		703E3E8B1B722B7300768912 /* TrendTableViewCell.m */ = {isa = PBXFileReference; fileEncoding = 4; lastKnownFileType = sourcecode.c.objc; path = TrendTableViewCell.m; sourceTree = "<group>"; };
		705A3CFF1B817F2F0019F7A8 /* MyImageAnnotationView.h */ = {isa = PBXFileReference; fileEncoding = 4; lastKnownFileType = sourcecode.c.h; path = MyImageAnnotationView.h; sourceTree = "<group>"; };
		705A3D001B817F2F0019F7A8 /* MyImageAnnotationView.m */ = {isa = PBXFileReference; fileEncoding = 4; lastKnownFileType = sourcecode.c.objc; path = MyImageAnnotationView.m; sourceTree = "<group>"; };
		705A3D151B820C270019F7A8 /* searchLocationViewController.h */ = {isa = PBXFileReference; fileEncoding = 4; lastKnownFileType = sourcecode.c.h; path = searchLocationViewController.h; sourceTree = "<group>"; };
		705A3D161B820C270019F7A8 /* searchLocationViewController.m */ = {isa = PBXFileReference; fileEncoding = 4; lastKnownFileType = sourcecode.c.objc; path = searchLocationViewController.m; sourceTree = "<group>"; };
		705A3DD61B83336C0019F7A8 /* MBProgressHUD.h */ = {isa = PBXFileReference; fileEncoding = 4; lastKnownFileType = sourcecode.c.h; path = MBProgressHUD.h; sourceTree = "<group>"; };
		705A3DD71B83336C0019F7A8 /* MBProgressHUD.m */ = {isa = PBXFileReference; fileEncoding = 4; lastKnownFileType = sourcecode.c.objc; path = MBProgressHUD.m; sourceTree = "<group>"; };
		705B4DD31B7B84680019FC7D /* SearchTableViewCell.h */ = {isa = PBXFileReference; fileEncoding = 4; lastKnownFileType = sourcecode.c.h; path = SearchTableViewCell.h; sourceTree = "<group>"; };
		705B4DD41B7B84680019FC7D /* SearchTableViewCell.m */ = {isa = PBXFileReference; fileEncoding = 4; lastKnownFileType = sourcecode.c.objc; path = SearchTableViewCell.m; sourceTree = "<group>"; };
		70611E9A1B8C55D40028DFF2 /* myPostImageView.h */ = {isa = PBXFileReference; fileEncoding = 4; lastKnownFileType = sourcecode.c.h; path = myPostImageView.h; sourceTree = "<group>"; };
		70611E9B1B8C55D40028DFF2 /* myPostImageView.m */ = {isa = PBXFileReference; fileEncoding = 4; lastKnownFileType = sourcecode.c.objc; path = myPostImageView.m; sourceTree = "<group>"; };
		7072471A1B7C28AC00034F62 /* scheduleTableViewCell.h */ = {isa = PBXFileReference; fileEncoding = 4; lastKnownFileType = sourcecode.c.h; path = scheduleTableViewCell.h; sourceTree = "<group>"; };
		7072471B1B7C28AC00034F62 /* scheduleTableViewCell.m */ = {isa = PBXFileReference; fileEncoding = 4; lastKnownFileType = sourcecode.c.objc; path = scheduleTableViewCell.m; sourceTree = "<group>"; };
		7076B5D81B6FA972004E81EF /* scheduleEditViewController.h */ = {isa = PBXFileReference; fileEncoding = 4; lastKnownFileType = sourcecode.c.h; path = scheduleEditViewController.h; sourceTree = "<group>"; };
		7076B5D91B6FA972004E81EF /* scheduleEditViewController.m */ = {isa = PBXFileReference; fileEncoding = 4; lastKnownFileType = sourcecode.c.objc; path = scheduleEditViewController.m; sourceTree = "<group>"; };
		7076B5DB1B70D496004E81EF /* SearchViewController.h */ = {isa = PBXFileReference; fileEncoding = 4; lastKnownFileType = sourcecode.c.h; path = SearchViewController.h; sourceTree = "<group>"; };
		7076B5DC1B70D496004E81EF /* SearchViewController.m */ = {isa = PBXFileReference; fileEncoding = 4; lastKnownFileType = sourcecode.c.objc; path = SearchViewController.m; sourceTree = "<group>"; };
		708574C71B87397200700654 /* MyPointAnnotation.h */ = {isa = PBXFileReference; fileEncoding = 4; lastKnownFileType = sourcecode.c.h; path = MyPointAnnotation.h; sourceTree = "<group>"; };
		708574C81B87397200700654 /* MyPointAnnotation.m */ = {isa = PBXFileReference; fileEncoding = 4; lastKnownFileType = sourcecode.c.objc; path = MyPointAnnotation.m; sourceTree = "<group>"; };
		708574C91B87397200700654 /* MyButton.h */ = {isa = PBXFileReference; fileEncoding = 4; lastKnownFileType = sourcecode.c.h; path = MyButton.h; sourceTree = "<group>"; };
		708574CA1B87397200700654 /* MyButton.m */ = {isa = PBXFileReference; fileEncoding = 4; lastKnownFileType = sourcecode.c.objc; path = MyButton.m; sourceTree = "<group>"; };
		70D4B7DE1B7E2432000C66C7 /* readPostViewController.h */ = {isa = PBXFileReference; fileEncoding = 4; lastKnownFileType = sourcecode.c.h; path = readPostViewController.h; sourceTree = "<group>"; };
		70D4B7DF1B7E2432000C66C7 /* readPostViewController.m */ = {isa = PBXFileReference; fileEncoding = 4; lastKnownFileType = sourcecode.c.objc; path = readPostViewController.m; sourceTree = "<group>"; };
		70D60FC01B5569BA001BB4C9 /* TrendViewController.h */ = {isa = PBXFileReference; fileEncoding = 4; lastKnownFileType = sourcecode.c.h; path = TrendViewController.h; sourceTree = "<group>"; };
		70D60FC11B5569BA001BB4C9 /* TrendViewController.m */ = {isa = PBXFileReference; fileEncoding = 4; lastKnownFileType = sourcecode.c.objc; path = TrendViewController.m; sourceTree = "<group>"; };
		70D60FC31B55739C001BB4C9 /* QuartzCore.framework */ = {isa = PBXFileReference; lastKnownFileType = wrapper.framework; name = QuartzCore.framework; path = System/Library/Frameworks/QuartzCore.framework; sourceTree = SDKROOT; };
		70E3C0A31B6B94E500A5C14E /* mapViewController.h */ = {isa = PBXFileReference; fileEncoding = 4; lastKnownFileType = sourcecode.c.h; path = mapViewController.h; sourceTree = "<group>"; };
		70E3C0A41B6B94E500A5C14E /* mapViewController.m */ = {isa = PBXFileReference; fileEncoding = 4; lastKnownFileType = sourcecode.c.objc; path = mapViewController.m; sourceTree = "<group>"; };
		70E3C0B31B6B959D00A5C14E /* MapKit.framework */ = {isa = PBXFileReference; lastKnownFileType = wrapper.framework; name = MapKit.framework; path = System/Library/Frameworks/MapKit.framework; sourceTree = SDKROOT; };
		70E3C0B51B6B969000A5C14E /* AssetsLibrary.framework */ = {isa = PBXFileReference; lastKnownFileType = wrapper.framework; name = AssetsLibrary.framework; path = System/Library/Frameworks/AssetsLibrary.framework; sourceTree = SDKROOT; };
		70E3C0B71B6B9A3300A5C14E /* PopView.xib */ = {isa = PBXFileReference; fileEncoding = 4; lastKnownFileType = file.xib; path = PopView.xib; sourceTree = "<group>"; };
		70E3C0B81B6B9A3300A5C14E /* PopView2.xib */ = {isa = PBXFileReference; fileEncoding = 4; lastKnownFileType = file.xib; path = PopView2.xib; sourceTree = "<group>"; };
		70E3C0B91B6B9A3300A5C14E /* PopView3.xib */ = {isa = PBXFileReference; fileEncoding = 4; lastKnownFileType = file.xib; path = PopView3.xib; sourceTree = "<group>"; };
		70E3C0BA1B6B9A3300A5C14E /* PopView4.xib */ = {isa = PBXFileReference; fileEncoding = 4; lastKnownFileType = file.xib; path = PopView4.xib; sourceTree = "<group>"; };
		70E3C0BF1B6B9A6C00A5C14E /* PopView.h */ = {isa = PBXFileReference; fileEncoding = 4; lastKnownFileType = sourcecode.c.h; path = PopView.h; sourceTree = "<group>"; };
		70E3C0C01B6B9A6C00A5C14E /* PopView.m */ = {isa = PBXFileReference; fileEncoding = 4; lastKnownFileType = sourcecode.c.objc; path = PopView.m; sourceTree = "<group>"; };
		70E3C0C11B6B9A6C00A5C14E /* PopView2.h */ = {isa = PBXFileReference; fileEncoding = 4; lastKnownFileType = sourcecode.c.h; path = PopView2.h; sourceTree = "<group>"; };
		70E3C0C21B6B9A6C00A5C14E /* PopView2.m */ = {isa = PBXFileReference; fileEncoding = 4; lastKnownFileType = sourcecode.c.objc; path = PopView2.m; sourceTree = "<group>"; };
		70E3C0C31B6B9A6C00A5C14E /* PopView3.h */ = {isa = PBXFileReference; fileEncoding = 4; lastKnownFileType = sourcecode.c.h; path = PopView3.h; sourceTree = "<group>"; };
		70E3C0C41B6B9A6C00A5C14E /* PopView3.m */ = {isa = PBXFileReference; fileEncoding = 4; lastKnownFileType = sourcecode.c.objc; path = PopView3.m; sourceTree = "<group>"; };
		70E3C0C51B6B9A6C00A5C14E /* PopView4.h */ = {isa = PBXFileReference; fileEncoding = 4; lastKnownFileType = sourcecode.c.h; path = PopView4.h; sourceTree = "<group>"; };
		70E3C0C61B6B9A6C00A5C14E /* PopView4.m */ = {isa = PBXFileReference; fileEncoding = 4; lastKnownFileType = sourcecode.c.objc; path = PopView4.m; sourceTree = "<group>"; };
		70FE83611B8AED4C00E1D2B5 /* Images.xcassets */ = {isa = PBXFileReference; lastKnownFileType = folder.assetcatalog; path = Images.xcassets; sourceTree = "<group>"; };
		764C47B51B735CBD00AC09E8 /* libsqlite3.dylib */ = {isa = PBXFileReference; lastKnownFileType = "compiled.mach-o.dylib"; name = libsqlite3.dylib; path = usr/lib/libsqlite3.dylib; sourceTree = SDKROOT; };
		764C47B71B735CD000AC09E8 /* libz.dylib */ = {isa = PBXFileReference; lastKnownFileType = "compiled.mach-o.dylib"; name = libz.dylib; path = usr/lib/libz.dylib; sourceTree = SDKROOT; };
		764C47B91B735EDE00AC09E8 /* PersonalPageViewController.h */ = {isa = PBXFileReference; fileEncoding = 4; lastKnownFileType = sourcecode.c.h; path = PersonalPageViewController.h; sourceTree = "<group>"; };
		764C47BA1B735EDE00AC09E8 /* PersonalPageViewController.m */ = {isa = PBXFileReference; fileEncoding = 4; lastKnownFileType = sourcecode.c.objc; path = PersonalPageViewController.m; sourceTree = "<group>"; };
		764C47BC1B735FB700AC09E8 /* PersonalPageTableViewCell.h */ = {isa = PBXFileReference; fileEncoding = 4; lastKnownFileType = sourcecode.c.h; path = PersonalPageTableViewCell.h; sourceTree = "<group>"; };
		764C47BD1B735FB700AC09E8 /* PersonalPageTableViewCell.m */ = {isa = PBXFileReference; fileEncoding = 4; lastKnownFileType = sourcecode.c.objc; path = PersonalPageTableViewCell.m; sourceTree = "<group>"; };
		766225561B8A531A00A639B0 /* ABFillButton.h */ = {isa = PBXFileReference; fileEncoding = 4; lastKnownFileType = sourcecode.c.h; path = ABFillButton.h; sourceTree = "<group>"; };
		766225571B8A531A00A639B0 /* ABFillButton.m */ = {isa = PBXFileReference; fileEncoding = 4; lastKnownFileType = sourcecode.c.objc; path = ABFillButton.m; sourceTree = "<group>"; };
		766669081B674D3900280B20 /* PostMainViewController.h */ = {isa = PBXFileReference; fileEncoding = 4; lastKnownFileType = sourcecode.c.h; path = PostMainViewController.h; sourceTree = "<group>"; };
		766669091B674D3900280B20 /* PostMainViewController.m */ = {isa = PBXFileReference; fileEncoding = 4; lastKnownFileType = sourcecode.c.objc; path = PostMainViewController.m; sourceTree = "<group>"; };
		766B4CC51B84E5BC00ECC920 /* DKCircleButton.h */ = {isa = PBXFileReference; fileEncoding = 4; lastKnownFileType = sourcecode.c.h; path = DKCircleButton.h; sourceTree = "<group>"; };
		766B4CC61B84E5BC00ECC920 /* DKCircleButton.m */ = {isa = PBXFileReference; fileEncoding = 4; lastKnownFileType = sourcecode.c.objc; path = DKCircleButton.m; sourceTree = "<group>"; };
		766B4CC91B84EF2400ECC920 /* LBHamburgerButton.h */ = {isa = PBXFileReference; fileEncoding = 4; lastKnownFileType = sourcecode.c.h; path = LBHamburgerButton.h; sourceTree = "<group>"; };
		766B4CCA1B84EF2400ECC920 /* LBHamburgerButton.m */ = {isa = PBXFileReference; fileEncoding = 4; lastKnownFileType = sourcecode.c.objc; path = LBHamburgerButton.m; sourceTree = "<group>"; };
		768A20241B6EFD3F005A7E66 /* RecordingViewController.h */ = {isa = PBXFileReference; fileEncoding = 4; lastKnownFileType = sourcecode.c.h; path = RecordingViewController.h; sourceTree = "<group>"; };
		768A20251B6EFD3F005A7E66 /* RecordingViewController.m */ = {isa = PBXFileReference; fileEncoding = 4; lastKnownFileType = sourcecode.c.objc; path = RecordingViewController.m; sourceTree = "<group>"; };
		768A20271B6F0505005A7E66 /* MapRecordingViewController.h */ = {isa = PBXFileReference; fileEncoding = 4; lastKnownFileType = sourcecode.c.h; path = MapRecordingViewController.h; sourceTree = "<group>"; };
		768A20281B6F0505005A7E66 /* MapRecordingViewController.m */ = {isa = PBXFileReference; fileEncoding = 4; lastKnownFileType = sourcecode.c.objc; path = MapRecordingViewController.m; sourceTree = "<group>"; };
		76A406CB1B7CDFFD00034BF6 /* endRecordingTableViewController.h */ = {isa = PBXFileReference; fileEncoding = 4; lastKnownFileType = sourcecode.c.h; path = endRecordingTableViewController.h; sourceTree = "<group>"; };
		76A406CC1B7CDFFD00034BF6 /* endRecordingTableViewController.m */ = {isa = PBXFileReference; fileEncoding = 4; lastKnownFileType = sourcecode.c.objc; path = endRecordingTableViewController.m; sourceTree = "<group>"; };
		76F2DDD11B7A3AFC00B50AAB /* FriendTableViewController.h */ = {isa = PBXFileReference; fileEncoding = 4; lastKnownFileType = sourcecode.c.h; path = FriendTableViewController.h; sourceTree = "<group>"; };
		76F2DDD21B7A3AFC00B50AAB /* FriendTableViewController.m */ = {isa = PBXFileReference; fileEncoding = 4; lastKnownFileType = sourcecode.c.objc; path = FriendTableViewController.m; sourceTree = "<group>"; };
		76F2DDD41B7A3B2700B50AAB /* FriendsTableViewCell.h */ = {isa = PBXFileReference; fileEncoding = 4; lastKnownFileType = sourcecode.c.h; path = FriendsTableViewCell.h; sourceTree = "<group>"; };
		76F2DDD51B7A3B2700B50AAB /* FriendsTableViewCell.m */ = {isa = PBXFileReference; fileEncoding = 4; lastKnownFileType = sourcecode.c.objc; path = FriendsTableViewCell.m; sourceTree = "<group>"; };
		D30CA2021B74A9AD00CE61AD /* scheduleDetailViewController.h */ = {isa = PBXFileReference; fileEncoding = 4; lastKnownFileType = sourcecode.c.h; path = scheduleDetailViewController.h; sourceTree = "<group>"; };
		D30CA2031B74A9AD00CE61AD /* scheduleDetailViewController.m */ = {isa = PBXFileReference; fileEncoding = 4; lastKnownFileType = sourcecode.c.objc; path = scheduleDetailViewController.m; sourceTree = "<group>"; };
		D30CA2061B74A9AD00CE61AD /* scheduleTableViewController.h */ = {isa = PBXFileReference; fileEncoding = 4; lastKnownFileType = sourcecode.c.h; path = scheduleTableViewController.h; sourceTree = "<group>"; };
		D30CA2071B74A9AD00CE61AD /* scheduleTableViewController.m */ = {isa = PBXFileReference; fileEncoding = 4; lastKnownFileType = sourcecode.c.objc; path = scheduleTableViewController.m; sourceTree = "<group>"; };
		D30CA20C1B74AA2100CE61AD /* AKPickerView.h */ = {isa = PBXFileReference; fileEncoding = 4; lastKnownFileType = sourcecode.c.h; path = AKPickerView.h; sourceTree = "<group>"; };
		D30CA20D1B74AA2100CE61AD /* AKPickerView.m */ = {isa = PBXFileReference; fileEncoding = 4; lastKnownFileType = sourcecode.c.objc; path = AKPickerView.m; sourceTree = "<group>"; };
		D30CA20E1B74AA2100CE61AD /* Bolts.framework */ = {isa = PBXFileReference; lastKnownFileType = wrapper.framework; name = Bolts.framework; path = framework/Bolts.framework; sourceTree = "<group>"; };
		D30CA20F1B74AA2100CE61AD /* FBSDKCoreKit.framework */ = {isa = PBXFileReference; lastKnownFileType = wrapper.framework; name = FBSDKCoreKit.framework; path = framework/FBSDKCoreKit.framework; sourceTree = "<group>"; };
		D30CA2101B74AA2100CE61AD /* FBSDKLoginKit.framework */ = {isa = PBXFileReference; lastKnownFileType = wrapper.framework; name = FBSDKLoginKit.framework; path = framework/FBSDKLoginKit.framework; sourceTree = "<group>"; };
		D30CA2111B74AA2100CE61AD /* FBSDKShareKit.framework */ = {isa = PBXFileReference; lastKnownFileType = wrapper.framework; name = FBSDKShareKit.framework; path = framework/FBSDKShareKit.framework; sourceTree = "<group>"; };
		D30CA2131B74AA2100CE61AD /* ParseCrashReporting.framework */ = {isa = PBXFileReference; lastKnownFileType = wrapper.framework; name = ParseCrashReporting.framework; path = framework/ParseCrashReporting.framework; sourceTree = "<group>"; };
		D30CA2141B74AA2100CE61AD /* ParseFacebookUtils.framework */ = {isa = PBXFileReference; lastKnownFileType = wrapper.framework; name = ParseFacebookUtils.framework; path = framework/ParseFacebookUtils.framework; sourceTree = "<group>"; };
		D30CA2151B74AA2100CE61AD /* ParseFacebookUtilsV4.framework */ = {isa = PBXFileReference; lastKnownFileType = wrapper.framework; name = ParseFacebookUtilsV4.framework; path = framework/ParseFacebookUtilsV4.framework; sourceTree = "<group>"; };
		D30CA2161B74AA2100CE61AD /* ParseUI.framework */ = {isa = PBXFileReference; lastKnownFileType = wrapper.framework; name = ParseUI.framework; path = framework/ParseUI.framework; sourceTree = "<group>"; };
		D332FB1D1B81C70D0059CD0D /* NotificationTableViewController.h */ = {isa = PBXFileReference; fileEncoding = 4; lastKnownFileType = sourcecode.c.h; path = NotificationTableViewController.h; sourceTree = "<group>"; };
		D332FB1E1B81C70D0059CD0D /* NotificationTableViewController.m */ = {isa = PBXFileReference; fileEncoding = 4; lastKnownFileType = sourcecode.c.objc; path = NotificationTableViewController.m; sourceTree = "<group>"; };
		D341CB2B1B84C23C0038D477 /* CAAnimation+WAnimation.h */ = {isa = PBXFileReference; fileEncoding = 4; lastKnownFileType = sourcecode.c.h; path = "CAAnimation+WAnimation.h"; sourceTree = "<group>"; };
		D341CB2C1B84C23C0038D477 /* CAAnimation+WAnimation.m */ = {isa = PBXFileReference; fileEncoding = 4; lastKnownFileType = sourcecode.c.objc; path = "CAAnimation+WAnimation.m"; sourceTree = "<group>"; };
		D341CB2D1B84C23C0038D477 /* UIView+Frame.h */ = {isa = PBXFileReference; fileEncoding = 4; lastKnownFileType = sourcecode.c.h; path = "UIView+Frame.h"; sourceTree = "<group>"; };
		D341CB2E1B84C23C0038D477 /* UIView+Frame.m */ = {isa = PBXFileReference; fileEncoding = 4; lastKnownFileType = sourcecode.c.objc; path = "UIView+Frame.m"; sourceTree = "<group>"; };
		D341CB2F1B84C23C0038D477 /* UIView+WZLBadge.h */ = {isa = PBXFileReference; fileEncoding = 4; lastKnownFileType = sourcecode.c.h; path = "UIView+WZLBadge.h"; sourceTree = "<group>"; };
		D341CB301B84C23C0038D477 /* UIView+WZLBadge.m */ = {isa = PBXFileReference; fileEncoding = 4; lastKnownFileType = sourcecode.c.objc; path = "UIView+WZLBadge.m"; sourceTree = "<group>"; };
		D341CB311B84C23C0038D477 /* WZLBadgeProtocol.h */ = {isa = PBXFileReference; fileEncoding = 4; lastKnownFileType = sourcecode.c.h; path = WZLBadgeProtocol.h; sourceTree = "<group>"; };
		D34A633F1B4CED0700710B1F /* SportsCircle.app */ = {isa = PBXFileReference; explicitFileType = wrapper.application; includeInIndex = 0; path = SportsCircle.app; sourceTree = BUILT_PRODUCTS_DIR; };
		D34A63431B4CED0700710B1F /* Info.plist */ = {isa = PBXFileReference; lastKnownFileType = text.plist.xml; path = Info.plist; sourceTree = "<group>"; };
		D34A63441B4CED0700710B1F /* main.m */ = {isa = PBXFileReference; lastKnownFileType = sourcecode.c.objc; path = main.m; sourceTree = "<group>"; };
		D34A63461B4CED0700710B1F /* AppDelegate.h */ = {isa = PBXFileReference; lastKnownFileType = sourcecode.c.h; path = AppDelegate.h; sourceTree = "<group>"; };
		D34A63471B4CED0700710B1F /* AppDelegate.m */ = {isa = PBXFileReference; lastKnownFileType = sourcecode.c.objc; path = AppDelegate.m; sourceTree = "<group>"; };
		D34A63491B4CED0700710B1F /* ViewController.h */ = {isa = PBXFileReference; lastKnownFileType = sourcecode.c.h; path = ViewController.h; sourceTree = "<group>"; };
		D34A634A1B4CED0700710B1F /* ViewController.m */ = {isa = PBXFileReference; lastKnownFileType = sourcecode.c.objc; path = ViewController.m; sourceTree = "<group>"; };
		D34A634D1B4CED0700710B1F /* Base */ = {isa = PBXFileReference; lastKnownFileType = file.storyboard; name = Base; path = Base.lproj/Main.storyboard; sourceTree = "<group>"; };
		D34A63521B4CED0700710B1F /* Base */ = {isa = PBXFileReference; lastKnownFileType = file.xib; name = Base; path = Base.lproj/LaunchScreen.xib; sourceTree = "<group>"; };
		D34A63581B4CED0700710B1F /* SportsCircleTests.xctest */ = {isa = PBXFileReference; explicitFileType = wrapper.cfbundle; includeInIndex = 0; path = SportsCircleTests.xctest; sourceTree = BUILT_PRODUCTS_DIR; };
		D34A635D1B4CED0700710B1F /* Info.plist */ = {isa = PBXFileReference; lastKnownFileType = text.plist.xml; path = Info.plist; sourceTree = "<group>"; };
		D34A635E1B4CED0700710B1F /* SportsCircleTests.m */ = {isa = PBXFileReference; lastKnownFileType = sourcecode.c.objc; path = SportsCircleTests.m; sourceTree = "<group>"; };
		D34F11EF1B8DD915007FEE00 /* Reachability.h */ = {isa = PBXFileReference; fileEncoding = 4; lastKnownFileType = sourcecode.c.h; path = Reachability.h; sourceTree = "<group>"; };
		D34F11F01B8DD915007FEE00 /* Reachability.m */ = {isa = PBXFileReference; fileEncoding = 4; lastKnownFileType = sourcecode.c.objc; path = Reachability.m; sourceTree = "<group>"; };
		D34FCDF51B7B86870002DE1A /* FlatUIKit.h */ = {isa = PBXFileReference; fileEncoding = 4; lastKnownFileType = sourcecode.c.h; path = FlatUIKit.h; sourceTree = "<group>"; };
		D34FCDF61B7B86870002DE1A /* FUIAlertView.h */ = {isa = PBXFileReference; fileEncoding = 4; lastKnownFileType = sourcecode.c.h; path = FUIAlertView.h; sourceTree = "<group>"; };
		D34FCDF71B7B86870002DE1A /* FUIAlertView.m */ = {isa = PBXFileReference; fileEncoding = 4; lastKnownFileType = sourcecode.c.objc; path = FUIAlertView.m; sourceTree = "<group>"; };
		D34FCDF81B7B86870002DE1A /* FUIButton.h */ = {isa = PBXFileReference; fileEncoding = 4; lastKnownFileType = sourcecode.c.h; path = FUIButton.h; sourceTree = "<group>"; };
		D34FCDF91B7B86870002DE1A /* FUIButton.m */ = {isa = PBXFileReference; fileEncoding = 4; lastKnownFileType = sourcecode.c.objc; path = FUIButton.m; sourceTree = "<group>"; };
		D34FCDFA1B7B86870002DE1A /* FUICellBackgroundView.h */ = {isa = PBXFileReference; fileEncoding = 4; lastKnownFileType = sourcecode.c.h; path = FUICellBackgroundView.h; sourceTree = "<group>"; };
		D34FCDFB1B7B86870002DE1A /* FUICellBackgroundView.m */ = {isa = PBXFileReference; fileEncoding = 4; lastKnownFileType = sourcecode.c.objc; path = FUICellBackgroundView.m; sourceTree = "<group>"; };
		D34FCDFC1B7B86870002DE1A /* FUIPopoverBackgroundView.h */ = {isa = PBXFileReference; fileEncoding = 4; lastKnownFileType = sourcecode.c.h; path = FUIPopoverBackgroundView.h; sourceTree = "<group>"; };
		D34FCDFD1B7B86870002DE1A /* FUIPopoverBackgroundView.m */ = {isa = PBXFileReference; fileEncoding = 4; lastKnownFileType = sourcecode.c.objc; path = FUIPopoverBackgroundView.m; sourceTree = "<group>"; };
		D34FCDFE1B7B86870002DE1A /* FUISegmentedControl.h */ = {isa = PBXFileReference; fileEncoding = 4; lastKnownFileType = sourcecode.c.h; path = FUISegmentedControl.h; sourceTree = "<group>"; };
		D34FCDFF1B7B86870002DE1A /* FUISegmentedControl.m */ = {isa = PBXFileReference; fileEncoding = 4; lastKnownFileType = sourcecode.c.objc; path = FUISegmentedControl.m; sourceTree = "<group>"; };
		D34FCE001B7B86870002DE1A /* FUISwitch.h */ = {isa = PBXFileReference; fileEncoding = 4; lastKnownFileType = sourcecode.c.h; path = FUISwitch.h; sourceTree = "<group>"; };
		D34FCE011B7B86870002DE1A /* FUISwitch.m */ = {isa = PBXFileReference; fileEncoding = 4; lastKnownFileType = sourcecode.c.objc; path = FUISwitch.m; sourceTree = "<group>"; };
		D34FCE021B7B86870002DE1A /* FUITextField.h */ = {isa = PBXFileReference; fileEncoding = 4; lastKnownFileType = sourcecode.c.h; path = FUITextField.h; sourceTree = "<group>"; };
		D34FCE031B7B86870002DE1A /* FUITextField.m */ = {isa = PBXFileReference; fileEncoding = 4; lastKnownFileType = sourcecode.c.objc; path = FUITextField.m; sourceTree = "<group>"; };
		D34FCE041B7B86870002DE1A /* NSString+Icons.h */ = {isa = PBXFileReference; fileEncoding = 4; lastKnownFileType = sourcecode.c.h; path = "NSString+Icons.h"; sourceTree = "<group>"; };
		D34FCE051B7B86870002DE1A /* NSString+Icons.m */ = {isa = PBXFileReference; fileEncoding = 4; lastKnownFileType = sourcecode.c.objc; path = "NSString+Icons.m"; sourceTree = "<group>"; };
		D34FCE061B7B86870002DE1A /* UIBarButtonItem+FlatUI.h */ = {isa = PBXFileReference; fileEncoding = 4; lastKnownFileType = sourcecode.c.h; path = "UIBarButtonItem+FlatUI.h"; sourceTree = "<group>"; };
		D34FCE071B7B86870002DE1A /* UIBarButtonItem+FlatUI.m */ = {isa = PBXFileReference; fileEncoding = 4; lastKnownFileType = sourcecode.c.objc; path = "UIBarButtonItem+FlatUI.m"; sourceTree = "<group>"; };
		D34FCE081B7B86870002DE1A /* UIColor+FlatUI.h */ = {isa = PBXFileReference; fileEncoding = 4; lastKnownFileType = sourcecode.c.h; path = "UIColor+FlatUI.h"; sourceTree = "<group>"; };
		D34FCE091B7B86870002DE1A /* UIColor+FlatUI.m */ = {isa = PBXFileReference; fileEncoding = 4; lastKnownFileType = sourcecode.c.objc; path = "UIColor+FlatUI.m"; sourceTree = "<group>"; };
		D34FCE0A1B7B86870002DE1A /* UIFont+FlatUI.h */ = {isa = PBXFileReference; fileEncoding = 4; lastKnownFileType = sourcecode.c.h; path = "UIFont+FlatUI.h"; sourceTree = "<group>"; };
		D34FCE0B1B7B86870002DE1A /* UIFont+FlatUI.m */ = {isa = PBXFileReference; fileEncoding = 4; lastKnownFileType = sourcecode.c.objc; path = "UIFont+FlatUI.m"; sourceTree = "<group>"; };
		D34FCE0C1B7B86870002DE1A /* UIImage+FlatUI.h */ = {isa = PBXFileReference; fileEncoding = 4; lastKnownFileType = sourcecode.c.h; path = "UIImage+FlatUI.h"; sourceTree = "<group>"; };
		D34FCE0D1B7B86870002DE1A /* UIImage+FlatUI.m */ = {isa = PBXFileReference; fileEncoding = 4; lastKnownFileType = sourcecode.c.objc; path = "UIImage+FlatUI.m"; sourceTree = "<group>"; };
		D34FCE0E1B7B86870002DE1A /* UINavigationBar+FlatUI.h */ = {isa = PBXFileReference; fileEncoding = 4; lastKnownFileType = sourcecode.c.h; path = "UINavigationBar+FlatUI.h"; sourceTree = "<group>"; };
		D34FCE0F1B7B86870002DE1A /* UINavigationBar+FlatUI.m */ = {isa = PBXFileReference; fileEncoding = 4; lastKnownFileType = sourcecode.c.objc; path = "UINavigationBar+FlatUI.m"; sourceTree = "<group>"; };
		D34FCE101B7B86870002DE1A /* UIPopoverController+FlatUI.h */ = {isa = PBXFileReference; fileEncoding = 4; lastKnownFileType = sourcecode.c.h; path = "UIPopoverController+FlatUI.h"; sourceTree = "<group>"; };
		D34FCE111B7B86870002DE1A /* UIPopoverController+FlatUI.m */ = {isa = PBXFileReference; fileEncoding = 4; lastKnownFileType = sourcecode.c.objc; path = "UIPopoverController+FlatUI.m"; sourceTree = "<group>"; };
		D34FCE121B7B86870002DE1A /* UIProgressView+FlatUI.h */ = {isa = PBXFileReference; fileEncoding = 4; lastKnownFileType = sourcecode.c.h; path = "UIProgressView+FlatUI.h"; sourceTree = "<group>"; };
		D34FCE131B7B86870002DE1A /* UIProgressView+FlatUI.m */ = {isa = PBXFileReference; fileEncoding = 4; lastKnownFileType = sourcecode.c.objc; path = "UIProgressView+FlatUI.m"; sourceTree = "<group>"; };
		D34FCE141B7B86870002DE1A /* UISlider+FlatUI.h */ = {isa = PBXFileReference; fileEncoding = 4; lastKnownFileType = sourcecode.c.h; path = "UISlider+FlatUI.h"; sourceTree = "<group>"; };
		D34FCE151B7B86870002DE1A /* UISlider+FlatUI.m */ = {isa = PBXFileReference; fileEncoding = 4; lastKnownFileType = sourcecode.c.objc; path = "UISlider+FlatUI.m"; sourceTree = "<group>"; };
		D34FCE161B7B86870002DE1A /* UIStepper+FlatUI.h */ = {isa = PBXFileReference; fileEncoding = 4; lastKnownFileType = sourcecode.c.h; path = "UIStepper+FlatUI.h"; sourceTree = "<group>"; };
		D34FCE171B7B86870002DE1A /* UIStepper+FlatUI.m */ = {isa = PBXFileReference; fileEncoding = 4; lastKnownFileType = sourcecode.c.objc; path = "UIStepper+FlatUI.m"; sourceTree = "<group>"; };
		D34FCE181B7B86870002DE1A /* UITabBar+FlatUI.h */ = {isa = PBXFileReference; fileEncoding = 4; lastKnownFileType = sourcecode.c.h; path = "UITabBar+FlatUI.h"; sourceTree = "<group>"; };
		D34FCE191B7B86870002DE1A /* UITabBar+FlatUI.m */ = {isa = PBXFileReference; fileEncoding = 4; lastKnownFileType = sourcecode.c.objc; path = "UITabBar+FlatUI.m"; sourceTree = "<group>"; };
		D34FCE1A1B7B86870002DE1A /* UITableViewCell+FlatUI.h */ = {isa = PBXFileReference; fileEncoding = 4; lastKnownFileType = sourcecode.c.h; path = "UITableViewCell+FlatUI.h"; sourceTree = "<group>"; };
		D34FCE1B1B7B86870002DE1A /* UITableViewCell+FlatUI.m */ = {isa = PBXFileReference; fileEncoding = 4; lastKnownFileType = sourcecode.c.objc; path = "UITableViewCell+FlatUI.m"; sourceTree = "<group>"; };
		D34FCE1C1B7B86870002DE1A /* UIToolbar+FlatUI.h */ = {isa = PBXFileReference; fileEncoding = 4; lastKnownFileType = sourcecode.c.h; path = "UIToolbar+FlatUI.h"; sourceTree = "<group>"; };
		D34FCE1D1B7B86870002DE1A /* UIToolbar+FlatUI.m */ = {isa = PBXFileReference; fileEncoding = 4; lastKnownFileType = sourcecode.c.objc; path = "UIToolbar+FlatUI.m"; sourceTree = "<group>"; };
		D3541A451B786FA3003F4D15 /* DetailImageViewController.h */ = {isa = PBXFileReference; fileEncoding = 4; lastKnownFileType = sourcecode.c.h; path = DetailImageViewController.h; sourceTree = "<group>"; };
		D3541A461B786FA3003F4D15 /* DetailImageViewController.m */ = {isa = PBXFileReference; fileEncoding = 4; lastKnownFileType = sourcecode.c.objc; path = DetailImageViewController.m; sourceTree = "<group>"; };
		D3541A481B786FD3003F4D15 /* ImageCollectionViewCell.h */ = {isa = PBXFileReference; fileEncoding = 4; lastKnownFileType = sourcecode.c.h; path = ImageCollectionViewCell.h; sourceTree = "<group>"; };
		D3541A491B786FD3003F4D15 /* ImageCollectionViewCell.m */ = {isa = PBXFileReference; fileEncoding = 4; lastKnownFileType = sourcecode.c.objc; path = ImageCollectionViewCell.m; sourceTree = "<group>"; };
		D3541A4B1B787003003F4D15 /* CustomCellBackgroundView.h */ = {isa = PBXFileReference; fileEncoding = 4; lastKnownFileType = sourcecode.c.h; path = CustomCellBackgroundView.h; sourceTree = "<group>"; };
		D3541A4C1B787003003F4D15 /* CustomCellBackgroundView.m */ = {isa = PBXFileReference; fileEncoding = 4; lastKnownFileType = sourcecode.c.objc; path = CustomCellBackgroundView.m; sourceTree = "<group>"; };
		D35B58641B897E3900C51577 /* PrivacyFromRegisterViewController.h */ = {isa = PBXFileReference; fileEncoding = 4; lastKnownFileType = sourcecode.c.h; path = PrivacyFromRegisterViewController.h; sourceTree = "<group>"; };
		D35B58651B897E3900C51577 /* PrivacyFromRegisterViewController.m */ = {isa = PBXFileReference; fileEncoding = 4; lastKnownFileType = sourcecode.c.objc; path = PrivacyFromRegisterViewController.m; sourceTree = "<group>"; };
		D38B8D381B71B84200124706 /* EditProfileTableViewController.h */ = {isa = PBXFileReference; fileEncoding = 4; lastKnownFileType = sourcecode.c.h; path = EditProfileTableViewController.h; sourceTree = "<group>"; };
		D38B8D391B71B84200124706 /* EditProfileTableViewController.m */ = {isa = PBXFileReference; fileEncoding = 4; lastKnownFileType = sourcecode.c.objc; path = EditProfileTableViewController.m; sourceTree = "<group>"; };
		D3AD4CA51B64DB9200FC7F8E /* AudioToolbox.framework */ = {isa = PBXFileReference; lastKnownFileType = wrapper.framework; name = AudioToolbox.framework; path = System/Library/Frameworks/AudioToolbox.framework; sourceTree = SDKROOT; };
		D3AD4CA71B64DBA100FC7F8E /* CFNetwork.framework */ = {isa = PBXFileReference; lastKnownFileType = wrapper.framework; name = CFNetwork.framework; path = System/Library/Frameworks/CFNetwork.framework; sourceTree = SDKROOT; };
		D3AD4CA91B64DBA900FC7F8E /* CoreGraphics.framework */ = {isa = PBXFileReference; lastKnownFileType = wrapper.framework; name = CoreGraphics.framework; path = System/Library/Frameworks/CoreGraphics.framework; sourceTree = SDKROOT; };
		D3AD4CAB1B64DBB200FC7F8E /* CoreLocation.framework */ = {isa = PBXFileReference; lastKnownFileType = wrapper.framework; name = CoreLocation.framework; path = System/Library/Frameworks/CoreLocation.framework; sourceTree = SDKROOT; };
		D3AD4CAD1B64DBC300FC7F8E /* Security.framework */ = {isa = PBXFileReference; lastKnownFileType = wrapper.framework; name = Security.framework; path = System/Library/Frameworks/Security.framework; sourceTree = SDKROOT; };
		D3AD4CAF1B64DBCB00FC7F8E /* StoreKit.framework */ = {isa = PBXFileReference; lastKnownFileType = wrapper.framework; name = StoreKit.framework; path = System/Library/Frameworks/StoreKit.framework; sourceTree = SDKROOT; };
		D3AD4CB11B64DBD500FC7F8E /* SystemConfiguration.framework */ = {isa = PBXFileReference; lastKnownFileType = wrapper.framework; name = SystemConfiguration.framework; path = System/Library/Frameworks/SystemConfiguration.framework; sourceTree = SDKROOT; };
		D3AD4CC41B64DD4B00FC7F8E /* LoginViewController.h */ = {isa = PBXFileReference; fileEncoding = 4; lastKnownFileType = sourcecode.c.h; path = LoginViewController.h; sourceTree = "<group>"; };
		D3AD4CC51B64DD4B00FC7F8E /* LoginViewController.m */ = {isa = PBXFileReference; fileEncoding = 4; lastKnownFileType = sourcecode.c.objc; path = LoginViewController.m; sourceTree = "<group>"; };
		D3CFCC831B6F952D000B98FC /* SettingsViewController.h */ = {isa = PBXFileReference; fileEncoding = 4; lastKnownFileType = sourcecode.c.h; path = SettingsViewController.h; sourceTree = "<group>"; };
		D3CFCC841B6F952D000B98FC /* SettingsViewController.m */ = {isa = PBXFileReference; fileEncoding = 4; lastKnownFileType = sourcecode.c.objc; path = SettingsViewController.m; sourceTree = "<group>"; };
		D3E4B01E1B72F7160082DE6B /* FavoriteSportViewController.h */ = {isa = PBXFileReference; fileEncoding = 4; lastKnownFileType = sourcecode.c.h; path = FavoriteSportViewController.h; sourceTree = "<group>"; };
		D3E4B01F1B72F7160082DE6B /* FavoriteSportViewController.m */ = {isa = PBXFileReference; fileEncoding = 4; lastKnownFileType = sourcecode.c.objc; path = FavoriteSportViewController.m; sourceTree = "<group>"; };
		D3F450411B74AB3B008A1486 /* Parse.framework */ = {isa = PBXFileReference; lastKnownFileType = wrapper.framework; name = Parse.framework; path = framework/Parse.framework; sourceTree = SOURCE_ROOT; };
		D3FCA06D1B875D7900AB927E /* PrivacyViewController.h */ = {isa = PBXFileReference; fileEncoding = 4; lastKnownFileType = sourcecode.c.h; path = PrivacyViewController.h; sourceTree = "<group>"; };
		D3FCA06E1B875D7900AB927E /* PrivacyViewController.m */ = {isa = PBXFileReference; fileEncoding = 4; lastKnownFileType = sourcecode.c.objc; path = PrivacyViewController.m; sourceTree = "<group>"; };
/* End PBXFileReference section */

/* Begin PBXFrameworksBuildPhase section */
		D34A633C1B4CED0700710B1F /* Frameworks */ = {
			isa = PBXFrameworksBuildPhase;
			buildActionMask = 2147483647;
			files = (
				764C47B81B735CD100AC09E8 /* libz.dylib in Frameworks */,
				764C47B61B735CBD00AC09E8 /* libsqlite3.dylib in Frameworks */,
				D30CA21D1B74AA2100CE61AD /* ParseCrashReporting.framework in Frameworks */,
				70E3C0B61B6B969000A5C14E /* AssetsLibrary.framework in Frameworks */,
				D30CA2201B74AA2100CE61AD /* ParseUI.framework in Frameworks */,
				D30CA21B1B74AA2100CE61AD /* FBSDKShareKit.framework in Frameworks */,
				70E3C0B41B6B959D00A5C14E /* MapKit.framework in Frameworks */,
				D30CA21E1B74AA2100CE61AD /* ParseFacebookUtils.framework in Frameworks */,
				D3AD4CB21B64DBD500FC7F8E /* SystemConfiguration.framework in Frameworks */,
				D3AD4CB01B64DBCB00FC7F8E /* StoreKit.framework in Frameworks */,
				D3AD4CAE1B64DBC300FC7F8E /* Security.framework in Frameworks */,
				D30CA21F1B74AA2100CE61AD /* ParseFacebookUtilsV4.framework in Frameworks */,
				70D60FC41B55739C001BB4C9 /* QuartzCore.framework in Frameworks */,
				D3AD4CAC1B64DBB200FC7F8E /* CoreLocation.framework in Frameworks */,
				D3F450421B74AB3B008A1486 /* Parse.framework in Frameworks */,
				D30CA2191B74AA2100CE61AD /* FBSDKCoreKit.framework in Frameworks */,
				D30CA2181B74AA2100CE61AD /* Bolts.framework in Frameworks */,
				D3AD4CAA1B64DBA900FC7F8E /* CoreGraphics.framework in Frameworks */,
				D3AD4CA81B64DBA100FC7F8E /* CFNetwork.framework in Frameworks */,
				D30CA21A1B74AA2100CE61AD /* FBSDKLoginKit.framework in Frameworks */,
				D3AD4CA61B64DB9200FC7F8E /* AudioToolbox.framework in Frameworks */,
			);
			runOnlyForDeploymentPostprocessing = 0;
		};
		D34A63551B4CED0700710B1F /* Frameworks */ = {
			isa = PBXFrameworksBuildPhase;
			buildActionMask = 2147483647;
			files = (
			);
			runOnlyForDeploymentPostprocessing = 0;
		};
/* End PBXFrameworksBuildPhase section */

/* Begin PBXGroup section */
		701F1D871B71BA0D00BD2673 /* Search */ = {
			isa = PBXGroup;
			children = (
				7076B5DB1B70D496004E81EF /* SearchViewController.h */,
				7076B5DC1B70D496004E81EF /* SearchViewController.m */,
				705B4DD31B7B84680019FC7D /* SearchTableViewCell.h */,
				705B4DD41B7B84680019FC7D /* SearchTableViewCell.m */,
			);
			name = Search;
			sourceTree = "<group>";
		};
		703E3E8D1B722B7800768912 /* Trend */ = {
			isa = PBXGroup;
			children = (
				70D60FC01B5569BA001BB4C9 /* TrendViewController.h */,
				70D60FC11B5569BA001BB4C9 /* TrendViewController.m */,
				766B4CC91B84EF2400ECC920 /* LBHamburgerButton.h */,
				766B4CCA1B84EF2400ECC920 /* LBHamburgerButton.m */,
				703E3E8A1B722B7300768912 /* TrendTableViewCell.h */,
				703E3E8B1B722B7300768912 /* TrendTableViewCell.m */,
				70D4B7DE1B7E2432000C66C7 /* readPostViewController.h */,
				70D4B7DF1B7E2432000C66C7 /* readPostViewController.m */,
				70611E9A1B8C55D40028DFF2 /* myPostImageView.h */,
				70611E9B1B8C55D40028DFF2 /* myPostImageView.m */,
			);
			name = Trend;
			sourceTree = "<group>";
		};
		705A3D141B820BE60019F7A8 /* mapAnnotation */ = {
			isa = PBXGroup;
			children = (
				70E3C0A31B6B94E500A5C14E /* mapViewController.h */,
				70E3C0A41B6B94E500A5C14E /* mapViewController.m */,
				705A3CFF1B817F2F0019F7A8 /* MyImageAnnotationView.h */,
				705A3D001B817F2F0019F7A8 /* MyImageAnnotationView.m */,
				708574C71B87397200700654 /* MyPointAnnotation.h */,
				708574C81B87397200700654 /* MyPointAnnotation.m */,
				708574C91B87397200700654 /* MyButton.h */,
				708574CA1B87397200700654 /* MyButton.m */,
			);
			name = mapAnnotation;
			sourceTree = "<group>";
		};
		70E3C0CB1B6B9A7300A5C14E /* PopView */ = {
			isa = PBXGroup;
			children = (
				70E3C0BF1B6B9A6C00A5C14E /* PopView.h */,
				70E3C0C01B6B9A6C00A5C14E /* PopView.m */,
				70E3C0C11B6B9A6C00A5C14E /* PopView2.h */,
				70E3C0C21B6B9A6C00A5C14E /* PopView2.m */,
				70E3C0C31B6B9A6C00A5C14E /* PopView3.h */,
				70E3C0C41B6B9A6C00A5C14E /* PopView3.m */,
				70E3C0C51B6B9A6C00A5C14E /* PopView4.h */,
				70E3C0C61B6B9A6C00A5C14E /* PopView4.m */,
			);
			name = PopView;
			sourceTree = "<group>";
		};
		70E3C0D21B6BB15500A5C14E /* schedule */ = {
			isa = PBXGroup;
			children = (
				D30CA2061B74A9AD00CE61AD /* scheduleTableViewController.h */,
				D30CA2071B74A9AD00CE61AD /* scheduleTableViewController.m */,
				7072471A1B7C28AC00034F62 /* scheduleTableViewCell.h */,
				7072471B1B7C28AC00034F62 /* scheduleTableViewCell.m */,
				D30CA2021B74A9AD00CE61AD /* scheduleDetailViewController.h */,
				D30CA2031B74A9AD00CE61AD /* scheduleDetailViewController.m */,
				7076B5D81B6FA972004E81EF /* scheduleEditViewController.h */,
				7076B5D91B6FA972004E81EF /* scheduleEditViewController.m */,
			);
			name = schedule;
			sourceTree = "<group>";
		};
		766B4CC81B84E5DB00ECC920 /* recordingPage */ = {
			isa = PBXGroup;
			children = (
				768A20241B6EFD3F005A7E66 /* RecordingViewController.h */,
				768A20251B6EFD3F005A7E66 /* RecordingViewController.m */,
				766B4CC51B84E5BC00ECC920 /* DKCircleButton.h */,
				766B4CC61B84E5BC00ECC920 /* DKCircleButton.m */,
				766225561B8A531A00A639B0 /* ABFillButton.h */,
				766225571B8A531A00A639B0 /* ABFillButton.m */,
			);
			name = recordingPage;
			sourceTree = "<group>";
		};
		D30CA20B1B74AA2100CE61AD /* AKPickerView */ = {
			isa = PBXGroup;
			children = (
				D30CA20C1B74AA2100CE61AD /* AKPickerView.h */,
				D30CA20D1B74AA2100CE61AD /* AKPickerView.m */,
			);
			name = AKPickerView;
			path = framework/AKPickerView;
			sourceTree = "<group>";
		};
		D341CB2A1B84C23C0038D477 /* WZLBadge */ = {
			isa = PBXGroup;
			children = (
				D341CB2B1B84C23C0038D477 /* CAAnimation+WAnimation.h */,
				D341CB2C1B84C23C0038D477 /* CAAnimation+WAnimation.m */,
				D341CB2D1B84C23C0038D477 /* UIView+Frame.h */,
				D341CB2E1B84C23C0038D477 /* UIView+Frame.m */,
				D341CB2F1B84C23C0038D477 /* UIView+WZLBadge.h */,
				D341CB301B84C23C0038D477 /* UIView+WZLBadge.m */,
				D341CB311B84C23C0038D477 /* WZLBadgeProtocol.h */,
			);
			name = WZLBadge;
			path = framework/WZLBadge;
			sourceTree = "<group>";
		};
		D34A63361B4CED0700710B1F = {
			isa = PBXGroup;
			children = (
				D3AD4CB71B64DC1F00FC7F8E /* framework */,
				D34A63411B4CED0700710B1F /* SportsCircle */,
				D34A635B1B4CED0700710B1F /* SportsCircleTests */,
				D34A63401B4CED0700710B1F /* Products */,
			);
			sourceTree = "<group>";
		};
		D34A63401B4CED0700710B1F /* Products */ = {
			isa = PBXGroup;
			children = (
				D34A633F1B4CED0700710B1F /* SportsCircle.app */,
				D34A63581B4CED0700710B1F /* SportsCircleTests.xctest */,
			);
			name = Products;
			sourceTree = "<group>";
		};
		D34A63411B4CED0700710B1F /* SportsCircle */ = {
			isa = PBXGroup;
			children = (
				D34A63461B4CED0700710B1F /* AppDelegate.h */,
				D34A63471B4CED0700710B1F /* AppDelegate.m */,
				D34A63491B4CED0700710B1F /* ViewController.h */,
				D34A634A1B4CED0700710B1F /* ViewController.m */,
				D3AD4CC41B64DD4B00FC7F8E /* LoginViewController.h */,
				D3AD4CC51B64DD4B00FC7F8E /* LoginViewController.m */,
				702BBAC81B5547FE00C09B9B /* SignUpViewController.h */,
				702BBAC91B5547FE00C09B9B /* SignUpViewController.m */,
				703E3E8D1B722B7800768912 /* Trend */,
				705A3D141B820BE60019F7A8 /* mapAnnotation */,
				766669081B674D3900280B20 /* PostMainViewController.h */,
				766669091B674D3900280B20 /* PostMainViewController.m */,
				705A3D151B820C270019F7A8 /* searchLocationViewController.h */,
				705A3D161B820C270019F7A8 /* searchLocationViewController.m */,
				705A3DD61B83336C0019F7A8 /* MBProgressHUD.h */,
				705A3DD71B83336C0019F7A8 /* MBProgressHUD.m */,
				766B4CC81B84E5DB00ECC920 /* recordingPage */,
				768A20271B6F0505005A7E66 /* MapRecordingViewController.h */,
				768A20281B6F0505005A7E66 /* MapRecordingViewController.m */,
				76A406CB1B7CDFFD00034BF6 /* endRecordingTableViewController.h */,
				76A406CC1B7CDFFD00034BF6 /* endRecordingTableViewController.m */,
				D3CFCC831B6F952D000B98FC /* SettingsViewController.h */,
				D3CFCC841B6F952D000B98FC /* SettingsViewController.m */,
				D38B8D381B71B84200124706 /* EditProfileTableViewController.h */,
				D38B8D391B71B84200124706 /* EditProfileTableViewController.m */,
				D3E4B01E1B72F7160082DE6B /* FavoriteSportViewController.h */,
				D3E4B01F1B72F7160082DE6B /* FavoriteSportViewController.m */,
				D3541A451B786FA3003F4D15 /* DetailImageViewController.h */,
				D3541A461B786FA3003F4D15 /* DetailImageViewController.m */,
				D3541A481B786FD3003F4D15 /* ImageCollectionViewCell.h */,
				D3541A491B786FD3003F4D15 /* ImageCollectionViewCell.m */,
				D3541A4B1B787003003F4D15 /* CustomCellBackgroundView.h */,
				D3541A4C1B787003003F4D15 /* CustomCellBackgroundView.m */,
				764C47B91B735EDE00AC09E8 /* PersonalPageViewController.h */,
				764C47BA1B735EDE00AC09E8 /* PersonalPageViewController.m */,
				764C47BC1B735FB700AC09E8 /* PersonalPageTableViewCell.h */,
				764C47BD1B735FB700AC09E8 /* PersonalPageTableViewCell.m */,
				76F2DDD11B7A3AFC00B50AAB /* FriendTableViewController.h */,
				76F2DDD21B7A3AFC00B50AAB /* FriendTableViewController.m */,
				76F2DDD41B7A3B2700B50AAB /* FriendsTableViewCell.h */,
				76F2DDD51B7A3B2700B50AAB /* FriendsTableViewCell.m */,
				D332FB1D1B81C70D0059CD0D /* NotificationTableViewController.h */,
				D332FB1E1B81C70D0059CD0D /* NotificationTableViewController.m */,
				D3FCA06D1B875D7900AB927E /* PrivacyViewController.h */,
				D3FCA06E1B875D7900AB927E /* PrivacyViewController.m */,
				D35B58641B897E3900C51577 /* PrivacyFromRegisterViewController.h */,
				D35B58651B897E3900C51577 /* PrivacyFromRegisterViewController.m */,
				701F1D871B71BA0D00BD2673 /* Search */,
				70E3C0CB1B6B9A7300A5C14E /* PopView */,
				70E3C0D21B6BB15500A5C14E /* schedule */,
				D34A634C1B4CED0700710B1F /* Main.storyboard */,
				70FE83611B8AED4C00E1D2B5 /* Images.xcassets */,
				D34A63511B4CED0700710B1F /* LaunchScreen.xib */,
				70E3C0B71B6B9A3300A5C14E /* PopView.xib */,
				70E3C0B81B6B9A3300A5C14E /* PopView2.xib */,
				70E3C0B91B6B9A3300A5C14E /* PopView3.xib */,
				70E3C0BA1B6B9A3300A5C14E /* PopView4.xib */,
				D34A63421B4CED0700710B1F /* Supporting Files */,
			);
			path = SportsCircle;
			sourceTree = "<group>";
		};
		D34A63421B4CED0700710B1F /* Supporting Files */ = {
			isa = PBXGroup;
			children = (
				D34A63431B4CED0700710B1F /* Info.plist */,
				D34A63441B4CED0700710B1F /* main.m */,
			);
			name = "Supporting Files";
			sourceTree = "<group>";
		};
		D34A635B1B4CED0700710B1F /* SportsCircleTests */ = {
			isa = PBXGroup;
			children = (
				D34A635E1B4CED0700710B1F /* SportsCircleTests.m */,
				D34A635C1B4CED0700710B1F /* Supporting Files */,
			);
			path = SportsCircleTests;
			sourceTree = "<group>";
		};
		D34A635C1B4CED0700710B1F /* Supporting Files */ = {
			isa = PBXGroup;
			children = (
				D34A635D1B4CED0700710B1F /* Info.plist */,
			);
			name = "Supporting Files";
			sourceTree = "<group>";
		};
		D34F11EE1B8DD915007FEE00 /* Reachability */ = {
			isa = PBXGroup;
			children = (
				D34F11EF1B8DD915007FEE00 /* Reachability.h */,
				D34F11F01B8DD915007FEE00 /* Reachability.m */,
			);
			name = Reachability;
			path = framework/Reachability;
			sourceTree = "<group>";
		};
		D34FCDF41B7B86870002DE1A /* FlatUIKit */ = {
			isa = PBXGroup;
			children = (
				D34FCDF51B7B86870002DE1A /* FlatUIKit.h */,
				D34FCDF61B7B86870002DE1A /* FUIAlertView.h */,
				D34FCDF71B7B86870002DE1A /* FUIAlertView.m */,
				D34FCDF81B7B86870002DE1A /* FUIButton.h */,
				D34FCDF91B7B86870002DE1A /* FUIButton.m */,
				D34FCDFA1B7B86870002DE1A /* FUICellBackgroundView.h */,
				D34FCDFB1B7B86870002DE1A /* FUICellBackgroundView.m */,
				D34FCDFC1B7B86870002DE1A /* FUIPopoverBackgroundView.h */,
				D34FCDFD1B7B86870002DE1A /* FUIPopoverBackgroundView.m */,
				D34FCDFE1B7B86870002DE1A /* FUISegmentedControl.h */,
				D34FCDFF1B7B86870002DE1A /* FUISegmentedControl.m */,
				D34FCE001B7B86870002DE1A /* FUISwitch.h */,
				D34FCE011B7B86870002DE1A /* FUISwitch.m */,
				D34FCE021B7B86870002DE1A /* FUITextField.h */,
				D34FCE031B7B86870002DE1A /* FUITextField.m */,
				D34FCE041B7B86870002DE1A /* NSString+Icons.h */,
				D34FCE051B7B86870002DE1A /* NSString+Icons.m */,
				D34FCE061B7B86870002DE1A /* UIBarButtonItem+FlatUI.h */,
				D34FCE071B7B86870002DE1A /* UIBarButtonItem+FlatUI.m */,
				D34FCE081B7B86870002DE1A /* UIColor+FlatUI.h */,
				D34FCE091B7B86870002DE1A /* UIColor+FlatUI.m */,
				D34FCE0A1B7B86870002DE1A /* UIFont+FlatUI.h */,
				D34FCE0B1B7B86870002DE1A /* UIFont+FlatUI.m */,
				D34FCE0C1B7B86870002DE1A /* UIImage+FlatUI.h */,
				D34FCE0D1B7B86870002DE1A /* UIImage+FlatUI.m */,
				D34FCE0E1B7B86870002DE1A /* UINavigationBar+FlatUI.h */,
				D34FCE0F1B7B86870002DE1A /* UINavigationBar+FlatUI.m */,
				D34FCE101B7B86870002DE1A /* UIPopoverController+FlatUI.h */,
				D34FCE111B7B86870002DE1A /* UIPopoverController+FlatUI.m */,
				D34FCE121B7B86870002DE1A /* UIProgressView+FlatUI.h */,
				D34FCE131B7B86870002DE1A /* UIProgressView+FlatUI.m */,
				D34FCE141B7B86870002DE1A /* UISlider+FlatUI.h */,
				D34FCE151B7B86870002DE1A /* UISlider+FlatUI.m */,
				D34FCE161B7B86870002DE1A /* UIStepper+FlatUI.h */,
				D34FCE171B7B86870002DE1A /* UIStepper+FlatUI.m */,
				D34FCE181B7B86870002DE1A /* UITabBar+FlatUI.h */,
				D34FCE191B7B86870002DE1A /* UITabBar+FlatUI.m */,
				D34FCE1A1B7B86870002DE1A /* UITableViewCell+FlatUI.h */,
				D34FCE1B1B7B86870002DE1A /* UITableViewCell+FlatUI.m */,
				D34FCE1C1B7B86870002DE1A /* UIToolbar+FlatUI.h */,
				D34FCE1D1B7B86870002DE1A /* UIToolbar+FlatUI.m */,
			);
			name = FlatUIKit;
			path = framework/FlatUIKit;
			sourceTree = "<group>";
		};
		D3AD4CB71B64DC1F00FC7F8E /* framework */ = {
			isa = PBXGroup;
			children = (
				D34F11EE1B8DD915007FEE00 /* Reachability */,
				D341CB2A1B84C23C0038D477 /* WZLBadge */,
				D34FCDF41B7B86870002DE1A /* FlatUIKit */,
				D30CA20F1B74AA2100CE61AD /* FBSDKCoreKit.framework */,
				D30CA2101B74AA2100CE61AD /* FBSDKLoginKit.framework */,
				D30CA2111B74AA2100CE61AD /* FBSDKShareKit.framework */,
				D30CA20B1B74AA2100CE61AD /* AKPickerView */,
				D3F450411B74AB3B008A1486 /* Parse.framework */,
				D30CA20E1B74AA2100CE61AD /* Bolts.framework */,
				D30CA2131B74AA2100CE61AD /* ParseCrashReporting.framework */,
				D30CA2141B74AA2100CE61AD /* ParseFacebookUtils.framework */,
				D30CA2151B74AA2100CE61AD /* ParseFacebookUtilsV4.framework */,
				D30CA2161B74AA2100CE61AD /* ParseUI.framework */,
				764C47B71B735CD000AC09E8 /* libz.dylib */,
				764C47B51B735CBD00AC09E8 /* libsqlite3.dylib */,
				702032261B7351820059F06C /* libsqlite3.dylib */,
				702032241B7351790059F06C /* libz.dylib */,
				70E3C0B31B6B959D00A5C14E /* MapKit.framework */,
				70E3C0B51B6B969000A5C14E /* AssetsLibrary.framework */,
				D3AD4CB11B64DBD500FC7F8E /* SystemConfiguration.framework */,
				D3AD4CAF1B64DBCB00FC7F8E /* StoreKit.framework */,
				D3AD4CAD1B64DBC300FC7F8E /* Security.framework */,
				D3AD4CAB1B64DBB200FC7F8E /* CoreLocation.framework */,
				D3AD4CA91B64DBA900FC7F8E /* CoreGraphics.framework */,
				D3AD4CA71B64DBA100FC7F8E /* CFNetwork.framework */,
				D3AD4CA51B64DB9200FC7F8E /* AudioToolbox.framework */,
				70D60FC31B55739C001BB4C9 /* QuartzCore.framework */,
			);
			name = framework;
			sourceTree = "<group>";
		};
/* End PBXGroup section */

/* Begin PBXNativeTarget section */
		D34A633E1B4CED0700710B1F /* SportsCircle */ = {
			isa = PBXNativeTarget;
			buildConfigurationList = D34A63621B4CED0700710B1F /* Build configuration list for PBXNativeTarget "SportsCircle" */;
			buildPhases = (
				D34A633B1B4CED0700710B1F /* Sources */,
				D34A633C1B4CED0700710B1F /* Frameworks */,
				D34A633D1B4CED0700710B1F /* Resources */,
			);
			buildRules = (
			);
			dependencies = (
			);
			name = SportsCircle;
			productName = SportsCircle;
			productReference = D34A633F1B4CED0700710B1F /* SportsCircle.app */;
			productType = "com.apple.product-type.application";
		};
		D34A63571B4CED0700710B1F /* SportsCircleTests */ = {
			isa = PBXNativeTarget;
			buildConfigurationList = D34A63651B4CED0700710B1F /* Build configuration list for PBXNativeTarget "SportsCircleTests" */;
			buildPhases = (
				D34A63541B4CED0700710B1F /* Sources */,
				D34A63551B4CED0700710B1F /* Frameworks */,
				D34A63561B4CED0700710B1F /* Resources */,
			);
			buildRules = (
			);
			dependencies = (
				D34A635A1B4CED0700710B1F /* PBXTargetDependency */,
			);
			name = SportsCircleTests;
			productName = SportsCircleTests;
			productReference = D34A63581B4CED0700710B1F /* SportsCircleTests.xctest */;
			productType = "com.apple.product-type.bundle.unit-test";
		};
/* End PBXNativeTarget section */

/* Begin PBXProject section */
		D34A63371B4CED0700710B1F /* Project object */ = {
			isa = PBXProject;
			attributes = {
				LastUpgradeCheck = 0640;
				ORGANIZATIONNAME = SportsCircle;
				TargetAttributes = {
					D34A633E1B4CED0700710B1F = {
						CreatedOnToolsVersion = 6.4;
						DevelopmentTeam = RJYZ49S9JJ;
					};
					D34A63571B4CED0700710B1F = {
						CreatedOnToolsVersion = 6.4;
						TestTargetID = D34A633E1B4CED0700710B1F;
					};
				};
			};
			buildConfigurationList = D34A633A1B4CED0700710B1F /* Build configuration list for PBXProject "SportsCircle" */;
			compatibilityVersion = "Xcode 3.2";
			developmentRegion = English;
			hasScannedForEncodings = 0;
			knownRegions = (
				en,
				Base,
			);
			mainGroup = D34A63361B4CED0700710B1F;
			productRefGroup = D34A63401B4CED0700710B1F /* Products */;
			projectDirPath = "";
			projectRoot = "";
			targets = (
				D34A633E1B4CED0700710B1F /* SportsCircle */,
				D34A63571B4CED0700710B1F /* SportsCircleTests */,
			);
		};
/* End PBXProject section */

/* Begin PBXResourcesBuildPhase section */
		D34A633D1B4CED0700710B1F /* Resources */ = {
			isa = PBXResourcesBuildPhase;
			buildActionMask = 2147483647;
			files = (
				70FE83621B8AED4C00E1D2B5 /* Images.xcassets in Resources */,
				D34A634E1B4CED0700710B1F /* Main.storyboard in Resources */,
				70E3C0BB1B6B9A3300A5C14E /* PopView.xib in Resources */,
				70E3C0BC1B6B9A3300A5C14E /* PopView2.xib in Resources */,
				D34A63531B4CED0700710B1F /* LaunchScreen.xib in Resources */,
				70E3C0BD1B6B9A3300A5C14E /* PopView3.xib in Resources */,
				70E3C0BE1B6B9A3300A5C14E /* PopView4.xib in Resources */,
			);
			runOnlyForDeploymentPostprocessing = 0;
		};
		D34A63561B4CED0700710B1F /* Resources */ = {
			isa = PBXResourcesBuildPhase;
			buildActionMask = 2147483647;
			files = (
			);
			runOnlyForDeploymentPostprocessing = 0;
		};
/* End PBXResourcesBuildPhase section */

/* Begin PBXSourcesBuildPhase section */
		D34A633B1B4CED0700710B1F /* Sources */ = {
			isa = PBXSourcesBuildPhase;
			buildActionMask = 2147483647;
			files = (
				D332FB1F1B81C70D0059CD0D /* NotificationTableViewController.m in Sources */,
				76A406CD1B7CDFFD00034BF6 /* endRecordingTableViewController.m in Sources */,
				768A20291B6F0505005A7E66 /* MapRecordingViewController.m in Sources */,
				D30CA2081B74A9AD00CE61AD /* scheduleDetailViewController.m in Sources */,
				D34FCE311B7B86870002DE1A /* UIToolbar+FlatUI.m in Sources */,
				D34FCE281B7B86870002DE1A /* UIFont+FlatUI.m in Sources */,
				D34FCE301B7B86870002DE1A /* UITableViewCell+FlatUI.m in Sources */,
				705B4DD51B7B84680019FC7D /* SearchTableViewCell.m in Sources */,
				76F2DDD61B7A3B2700B50AAB /* FriendsTableViewCell.m in Sources */,
				D34FCE2B1B7B86870002DE1A /* UIPopoverController+FlatUI.m in Sources */,
				70D60FC21B5569BA001BB4C9 /* TrendViewController.m in Sources */,
				70E3C0A51B6B94E500A5C14E /* mapViewController.m in Sources */,
				7666690A1B674D3900280B20 /* PostMainViewController.m in Sources */,
				D34A634B1B4CED0700710B1F /* ViewController.m in Sources */,
				D34FCE201B7B86870002DE1A /* FUICellBackgroundView.m in Sources */,
				70E3C0C81B6B9A6C00A5C14E /* PopView2.m in Sources */,
				D34FCE291B7B86870002DE1A /* UIImage+FlatUI.m in Sources */,
				D3CFCC851B6F952D000B98FC /* SettingsViewController.m in Sources */,
				70E3C0C71B6B9A6C00A5C14E /* PopView.m in Sources */,
				70E3C0C91B6B9A6C00A5C14E /* PopView3.m in Sources */,
				D3AD4CC61B64DD4B00FC7F8E /* LoginViewController.m in Sources */,
				D34FCE1F1B7B86870002DE1A /* FUIButton.m in Sources */,
				D34FCE271B7B86870002DE1A /* UIColor+FlatUI.m in Sources */,
				D34FCE211B7B86870002DE1A /* FUIPopoverBackgroundView.m in Sources */,
				D34F11F11B8DD915007FEE00 /* Reachability.m in Sources */,
				705A3D011B817F2F0019F7A8 /* MyImageAnnotationView.m in Sources */,
				708574CB1B87397200700654 /* MyPointAnnotation.m in Sources */,
				D34FCE261B7B86870002DE1A /* UIBarButtonItem+FlatUI.m in Sources */,
				D3541A4D1B787003003F4D15 /* CustomCellBackgroundView.m in Sources */,
				D35B58661B897E3900C51577 /* PrivacyFromRegisterViewController.m in Sources */,
				70E3C0CA1B6B9A6C00A5C14E /* PopView4.m in Sources */,
				708574CC1B87397200700654 /* MyButton.m in Sources */,
				D34FCE2E1B7B86870002DE1A /* UIStepper+FlatUI.m in Sources */,
				D34A63481B4CED0700710B1F /* AppDelegate.m in Sources */,
				D34FCE2F1B7B86870002DE1A /* UITabBar+FlatUI.m in Sources */,
				768A20261B6EFD3F005A7E66 /* RecordingViewController.m in Sources */,
				764C47BB1B735EDE00AC09E8 /* PersonalPageViewController.m in Sources */,
				D341CB321B84C23C0038D477 /* CAAnimation+WAnimation.m in Sources */,
				D34FCE241B7B86870002DE1A /* FUITextField.m in Sources */,
				D3541A471B786FA3003F4D15 /* DetailImageViewController.m in Sources */,
				D34FCE1E1B7B86870002DE1A /* FUIAlertView.m in Sources */,
				D30CA2171B74AA2100CE61AD /* AKPickerView.m in Sources */,
				705A3DD81B83336C0019F7A8 /* MBProgressHUD.m in Sources */,
				D34FCE221B7B86870002DE1A /* FUISegmentedControl.m in Sources */,
				D34FCE2C1B7B86870002DE1A /* UIProgressView+FlatUI.m in Sources */,
				7076B5DD1B70D496004E81EF /* SearchViewController.m in Sources */,
				76F2DDD31B7A3AFC00B50AAB /* FriendTableViewController.m in Sources */,
				D34FCE251B7B86870002DE1A /* NSString+Icons.m in Sources */,
				70D4B7E01B7E2432000C66C7 /* readPostViewController.m in Sources */,
				7076B5DA1B6FA972004E81EF /* scheduleEditViewController.m in Sources */,
				D341CB341B84C23C0038D477 /* UIView+WZLBadge.m in Sources */,
				D34FCE231B7B86870002DE1A /* FUISwitch.m in Sources */,
				D34FCE2D1B7B86870002DE1A /* UISlider+FlatUI.m in Sources */,
				766225581B8A531A00A639B0 /* ABFillButton.m in Sources */,
				D341CB331B84C23C0038D477 /* UIView+Frame.m in Sources */,
				7072471C1B7C28AC00034F62 /* scheduleTableViewCell.m in Sources */,
				702BBACA1B5547FE00C09B9B /* SignUpViewController.m in Sources */,
				705A3D171B820C270019F7A8 /* searchLocationViewController.m in Sources */,
				D3541A4A1B786FD3003F4D15 /* ImageCollectionViewCell.m in Sources */,
				D38B8D3A1B71B84200124706 /* EditProfileTableViewController.m in Sources */,
				764C47BE1B735FB700AC09E8 /* PersonalPageTableViewCell.m in Sources */,
				D34FCE2A1B7B86870002DE1A /* UINavigationBar+FlatUI.m in Sources */,
				766B4CC71B84E5BC00ECC920 /* DKCircleButton.m in Sources */,
				D30CA20A1B74A9AD00CE61AD /* scheduleTableViewController.m in Sources */,
				70611E9C1B8C55D40028DFF2 /* myPostImageView.m in Sources */,
				D34A63451B4CED0700710B1F /* main.m in Sources */,
				D3E4B0201B72F7160082DE6B /* FavoriteSportViewController.m in Sources */,
				D3FCA06F1B875D7900AB927E /* PrivacyViewController.m in Sources */,
				766B4CCB1B84EF2400ECC920 /* LBHamburgerButton.m in Sources */,
				703E3E8C1B722B7300768912 /* TrendTableViewCell.m in Sources */,
			);
			runOnlyForDeploymentPostprocessing = 0;
		};
		D34A63541B4CED0700710B1F /* Sources */ = {
			isa = PBXSourcesBuildPhase;
			buildActionMask = 2147483647;
			files = (
				D34A635F1B4CED0700710B1F /* SportsCircleTests.m in Sources */,
			);
			runOnlyForDeploymentPostprocessing = 0;
		};
/* End PBXSourcesBuildPhase section */

/* Begin PBXTargetDependency section */
		D34A635A1B4CED0700710B1F /* PBXTargetDependency */ = {
			isa = PBXTargetDependency;
			target = D34A633E1B4CED0700710B1F /* SportsCircle */;
			targetProxy = D34A63591B4CED0700710B1F /* PBXContainerItemProxy */;
		};
/* End PBXTargetDependency section */

/* Begin PBXVariantGroup section */
		D34A634C1B4CED0700710B1F /* Main.storyboard */ = {
			isa = PBXVariantGroup;
			children = (
				D34A634D1B4CED0700710B1F /* Base */,
			);
			name = Main.storyboard;
			sourceTree = "<group>";
		};
		D34A63511B4CED0700710B1F /* LaunchScreen.xib */ = {
			isa = PBXVariantGroup;
			children = (
				D34A63521B4CED0700710B1F /* Base */,
			);
			name = LaunchScreen.xib;
			sourceTree = "<group>";
		};
/* End PBXVariantGroup section */

/* Begin XCBuildConfiguration section */
		D34A63601B4CED0700710B1F /* Debug */ = {
			isa = XCBuildConfiguration;
			buildSettings = {
				ALWAYS_SEARCH_USER_PATHS = NO;
				CLANG_CXX_LANGUAGE_STANDARD = "gnu++0x";
				CLANG_CXX_LIBRARY = "libc++";
				CLANG_ENABLE_MODULES = YES;
				CLANG_ENABLE_OBJC_ARC = YES;
				CLANG_WARN_BOOL_CONVERSION = YES;
				CLANG_WARN_CONSTANT_CONVERSION = YES;
				CLANG_WARN_DIRECT_OBJC_ISA_USAGE = YES_ERROR;
				CLANG_WARN_EMPTY_BODY = YES;
				CLANG_WARN_ENUM_CONVERSION = YES;
				CLANG_WARN_INT_CONVERSION = YES;
				CLANG_WARN_OBJC_ROOT_CLASS = YES_ERROR;
				CLANG_WARN_UNREACHABLE_CODE = YES;
				CLANG_WARN__DUPLICATE_METHOD_MATCH = YES;
				"CODE_SIGN_IDENTITY[sdk=iphoneos*]" = "iPhone Developer";
				COPY_PHASE_STRIP = NO;
				DEBUG_INFORMATION_FORMAT = "dwarf-with-dsym";
				ENABLE_STRICT_OBJC_MSGSEND = YES;
				GCC_C_LANGUAGE_STANDARD = gnu99;
				GCC_DYNAMIC_NO_PIC = NO;
				GCC_NO_COMMON_BLOCKS = YES;
				GCC_OPTIMIZATION_LEVEL = 0;
				GCC_PREPROCESSOR_DEFINITIONS = (
					"DEBUG=1",
					"$(inherited)",
				);
				GCC_SYMBOLS_PRIVATE_EXTERN = NO;
				GCC_WARN_64_TO_32_BIT_CONVERSION = YES;
				GCC_WARN_ABOUT_RETURN_TYPE = YES_ERROR;
				GCC_WARN_UNDECLARED_SELECTOR = YES;
				GCC_WARN_UNINITIALIZED_AUTOS = YES_AGGRESSIVE;
				GCC_WARN_UNUSED_FUNCTION = YES;
				GCC_WARN_UNUSED_VARIABLE = YES;
				IPHONEOS_DEPLOYMENT_TARGET = 8.4;
				MTL_ENABLE_DEBUG_INFO = YES;
				ONLY_ACTIVE_ARCH = YES;
				SDKROOT = iphoneos;
				TARGETED_DEVICE_FAMILY = "1,2";
				VALID_ARCHS = "arm64 armv7";
			};
			name = Debug;
		};
		D34A63611B4CED0700710B1F /* Release */ = {
			isa = XCBuildConfiguration;
			buildSettings = {
				ALWAYS_SEARCH_USER_PATHS = NO;
				CLANG_CXX_LANGUAGE_STANDARD = "gnu++0x";
				CLANG_CXX_LIBRARY = "libc++";
				CLANG_ENABLE_MODULES = YES;
				CLANG_ENABLE_OBJC_ARC = YES;
				CLANG_WARN_BOOL_CONVERSION = YES;
				CLANG_WARN_CONSTANT_CONVERSION = YES;
				CLANG_WARN_DIRECT_OBJC_ISA_USAGE = YES_ERROR;
				CLANG_WARN_EMPTY_BODY = YES;
				CLANG_WARN_ENUM_CONVERSION = YES;
				CLANG_WARN_INT_CONVERSION = YES;
				CLANG_WARN_OBJC_ROOT_CLASS = YES_ERROR;
				CLANG_WARN_UNREACHABLE_CODE = YES;
				CLANG_WARN__DUPLICATE_METHOD_MATCH = YES;
				"CODE_SIGN_IDENTITY[sdk=iphoneos*]" = "iPhone Developer";
				COPY_PHASE_STRIP = NO;
				DEBUG_INFORMATION_FORMAT = "dwarf-with-dsym";
				ENABLE_NS_ASSERTIONS = NO;
				ENABLE_STRICT_OBJC_MSGSEND = YES;
				GCC_C_LANGUAGE_STANDARD = gnu99;
				GCC_NO_COMMON_BLOCKS = YES;
				GCC_WARN_64_TO_32_BIT_CONVERSION = YES;
				GCC_WARN_ABOUT_RETURN_TYPE = YES_ERROR;
				GCC_WARN_UNDECLARED_SELECTOR = YES;
				GCC_WARN_UNINITIALIZED_AUTOS = YES_AGGRESSIVE;
				GCC_WARN_UNUSED_FUNCTION = YES;
				GCC_WARN_UNUSED_VARIABLE = YES;
				IPHONEOS_DEPLOYMENT_TARGET = 8.4;
				MTL_ENABLE_DEBUG_INFO = NO;
				SDKROOT = iphoneos;
				TARGETED_DEVICE_FAMILY = "1,2";
				VALIDATE_PRODUCT = YES;
				VALID_ARCHS = "arm64 armv7";
			};
			name = Release;
		};
		D34A63631B4CED0700710B1F /* Debug */ = {
			isa = XCBuildConfiguration;
			buildSettings = {
				ASSETCATALOG_COMPILER_APPICON_NAME = AppIcon;
				CODE_SIGN_IDENTITY = "iPhone Developer";
				"CODE_SIGN_IDENTITY[sdk=iphoneos*]" = "iPhone Developer";
				FRAMEWORK_SEARCH_PATHS = (
					"$(inherited)",
					"$(PROJECT_DIR)",
					"$(PROJECT_DIR)/framework",
				);
				INFOPLIST_FILE = SportsCircle/Info.plist;
				IPHONEOS_DEPLOYMENT_TARGET = 8.4;
				LD_RUNPATH_SEARCH_PATHS = "$(inherited) @executable_path/Frameworks";
				LIBRARY_SEARCH_PATHS = (
					"$(inherited)",
					"$(PROJECT_DIR)",
				);
				PRODUCT_BUNDLE_IDENTIFIER = com.gjhhj.SportsCircle;
				PRODUCT_NAME = "$(TARGET_NAME)";
				PROVISIONING_PROFILE = "";
				TARGETED_DEVICE_FAMILY = 1;
				VALID_ARCHS = "arm64 armv7";
			};
			name = Debug;
		};
		D34A63641B4CED0700710B1F /* Release */ = {
			isa = XCBuildConfiguration;
			buildSettings = {
				ASSETCATALOG_COMPILER_APPICON_NAME = AppIcon;
				CODE_SIGN_IDENTITY = "iPhone Developer";
				"CODE_SIGN_IDENTITY[sdk=iphoneos*]" = "iPhone Developer";
				FRAMEWORK_SEARCH_PATHS = (
					"$(inherited)",
					"$(PROJECT_DIR)",
					"$(PROJECT_DIR)/framework",
				);
				INFOPLIST_FILE = SportsCircle/Info.plist;
				IPHONEOS_DEPLOYMENT_TARGET = 8.4;
				LD_RUNPATH_SEARCH_PATHS = "$(inherited) @executable_path/Frameworks";
				LIBRARY_SEARCH_PATHS = (
					"$(inherited)",
					"$(PROJECT_DIR)",
				);
				PRODUCT_BUNDLE_IDENTIFIER = com.gjhhj.SportsCircle;
				PRODUCT_NAME = "$(TARGET_NAME)";
				PROVISIONING_PROFILE = "";
				TARGETED_DEVICE_FAMILY = 1;
				VALID_ARCHS = "arm64 armv7";
			};
			name = Release;
		};
		D34A63661B4CED0700710B1F /* Debug */ = {
			isa = XCBuildConfiguration;
			buildSettings = {
				BUNDLE_LOADER = "$(TEST_HOST)";
				FRAMEWORK_SEARCH_PATHS = (
					"$(SDKROOT)/Developer/Library/Frameworks",
					"$(inherited)",
				);
				GCC_PREPROCESSOR_DEFINITIONS = (
					"DEBUG=1",
					"$(inherited)",
				);
				INFOPLIST_FILE = SportsCircleTests/Info.plist;
				LD_RUNPATH_SEARCH_PATHS = "$(inherited) @executable_path/Frameworks @loader_path/Frameworks";
				PRODUCT_NAME = "$(TARGET_NAME)";
				TEST_HOST = "$(BUILT_PRODUCTS_DIR)/SportsCircle.app/SportsCircle";
			};
			name = Debug;
		};
		D34A63671B4CED0700710B1F /* Release */ = {
			isa = XCBuildConfiguration;
			buildSettings = {
				BUNDLE_LOADER = "$(TEST_HOST)";
				FRAMEWORK_SEARCH_PATHS = (
					"$(SDKROOT)/Developer/Library/Frameworks",
					"$(inherited)",
				);
				INFOPLIST_FILE = SportsCircleTests/Info.plist;
				LD_RUNPATH_SEARCH_PATHS = "$(inherited) @executable_path/Frameworks @loader_path/Frameworks";
				PRODUCT_NAME = "$(TARGET_NAME)";
				TEST_HOST = "$(BUILT_PRODUCTS_DIR)/SportsCircle.app/SportsCircle";
			};
			name = Release;
		};
/* End XCBuildConfiguration section */

/* Begin XCConfigurationList section */
		D34A633A1B4CED0700710B1F /* Build configuration list for PBXProject "SportsCircle" */ = {
			isa = XCConfigurationList;
			buildConfigurations = (
				D34A63601B4CED0700710B1F /* Debug */,
				D34A63611B4CED0700710B1F /* Release */,
			);
			defaultConfigurationIsVisible = 0;
			defaultConfigurationName = Release;
		};
		D34A63621B4CED0700710B1F /* Build configuration list for PBXNativeTarget "SportsCircle" */ = {
			isa = XCConfigurationList;
			buildConfigurations = (
				D34A63631B4CED0700710B1F /* Debug */,
				D34A63641B4CED0700710B1F /* Release */,
			);
			defaultConfigurationIsVisible = 0;
			defaultConfigurationName = Release;
		};
		D34A63651B4CED0700710B1F /* Build configuration list for PBXNativeTarget "SportsCircleTests" */ = {
			isa = XCConfigurationList;
			buildConfigurations = (
				D34A63661B4CED0700710B1F /* Debug */,
				D34A63671B4CED0700710B1F /* Release */,
			);
			defaultConfigurationIsVisible = 0;
			defaultConfigurationName = Release;
		};
/* End XCConfigurationList section */
	};
	rootObject = D34A63371B4CED0700710B1F /* Project object */;
}
